// !$*UTF8*$!
{
	archiveVersion = 1;
	classes = {
	};
	objectVersion = 46;
	objects = {

/* Begin PBXBuildFile section */
		AE72DBBB16BBAABA00C12D6C /* RMPhotoSelectionViewController.m in Sources */ = {isa = PBXBuildFile; fileRef = AE72DBBA16BBAABA00C12D6C /* RMPhotoSelectionViewController.m */; };
		AE72DBC016BBB13D00C12D6C /* RMCustomImageView.m in Sources */ = {isa = PBXBuildFile; fileRef = AE72DBBF16BBB13D00C12D6C /* RMCustomImageView.m */; };
		AE72DBC316BBB51900C12D6C /* test3.jpg in Resources */ = {isa = PBXBuildFile; fileRef = AE72DBC116BBB51900C12D6C /* test3.jpg */; };
		AE72DBC416BBB51900C12D6C /* test4.jpg in Resources */ = {isa = PBXBuildFile; fileRef = AE72DBC216BBB51900C12D6C /* test4.jpg */; };
		AE72DBC616BBB5BE00C12D6C /* QuartzCore.framework in Frameworks */ = {isa = PBXBuildFile; fileRef = AE72DBC516BBB5BE00C12D6C /* QuartzCore.framework */; };
		AED218C116BA934000271930 /* UIKit.framework in Frameworks */ = {isa = PBXBuildFile; fileRef = AED218C016BA934000271930 /* UIKit.framework */; };
		AED218C316BA934000271930 /* Foundation.framework in Frameworks */ = {isa = PBXBuildFile; fileRef = AED218C216BA934000271930 /* Foundation.framework */; };
		AED218C516BA934000271930 /* CoreGraphics.framework in Frameworks */ = {isa = PBXBuildFile; fileRef = AED218C416BA934000271930 /* CoreGraphics.framework */; };
		AED218CB16BA934000271930 /* InfoPlist.strings in Resources */ = {isa = PBXBuildFile; fileRef = AED218C916BA934000271930 /* InfoPlist.strings */; };
		AED218CD16BA934000271930 /* main.m in Sources */ = {isa = PBXBuildFile; fileRef = AED218CC16BA934000271930 /* main.m */; };
		AED218D116BA934000271930 /* RMAppDelegate.m in Sources */ = {isa = PBXBuildFile; fileRef = AED218D016BA934000271930 /* RMAppDelegate.m */; };
		AED218D316BA934000271930 /* Default.png in Resources */ = {isa = PBXBuildFile; fileRef = AED218D216BA934000271930 /* Default.png */; };
		AED218D516BA934000271930 /* Default@2x.png in Resources */ = {isa = PBXBuildFile; fileRef = AED218D416BA934000271930 /* Default@2x.png */; };
		AED218D716BA934000271930 /* Default-568h@2x.png in Resources */ = {isa = PBXBuildFile; fileRef = AED218D616BA934000271930 /* Default-568h@2x.png */; };
		AED218DA16BA934000271930 /* MainStoryboard_iPhone.storyboard in Resources */ = {isa = PBXBuildFile; fileRef = AED218D816BA934000271930 /* MainStoryboard_iPhone.storyboard */; };
		AED218DD16BA934000271930 /* MainStoryboard_iPad.storyboard in Resources */ = {isa = PBXBuildFile; fileRef = AED218DB16BA934000271930 /* MainStoryboard_iPad.storyboard */; };
		AED218E916BA9D8500271930 /* RMInGameViewController.m in Sources */ = {isa = PBXBuildFile; fileRef = AED218E816BA9D8500271930 /* RMInGameViewController.m */; };
		AED218FB16BA9E0900271930 /* game_bg-568h@2x.jpg in Resources */ = {isa = PBXBuildFile; fileRef = AED218EC16BA9E0900271930 /* game_bg-568h@2x.jpg */; };
		AED218FC16BA9E0900271930 /* game_bg.jpg in Resources */ = {isa = PBXBuildFile; fileRef = AED218ED16BA9E0900271930 /* game_bg.jpg */; };
		AED218FD16BA9E0900271930 /* game_bg@2x.jpg in Resources */ = {isa = PBXBuildFile; fileRef = AED218EE16BA9E0900271930 /* game_bg@2x.jpg */; };
		AED218FE16BA9E0900271930 /* help_btn.png in Resources */ = {isa = PBXBuildFile; fileRef = AED218EF16BA9E0900271930 /* help_btn.png */; };
		AED218FF16BA9E0900271930 /* help_btn@2x.png in Resources */ = {isa = PBXBuildFile; fileRef = AED218F016BA9E0900271930 /* help_btn@2x.png */; };
		AED2190016BA9E0900271930 /* help_btn_hover.png in Resources */ = {isa = PBXBuildFile; fileRef = AED218F116BA9E0900271930 /* help_btn_hover.png */; };
		AED2190116BA9E0900271930 /* help_btn_hover@2x.png in Resources */ = {isa = PBXBuildFile; fileRef = AED218F216BA9E0900271930 /* help_btn_hover@2x.png */; };
		AED2190216BA9E0900271930 /* menu_btn.png in Resources */ = {isa = PBXBuildFile; fileRef = AED218F316BA9E0900271930 /* menu_btn.png */; };
		AED2190316BA9E0900271930 /* menu_btn@2x.png in Resources */ = {isa = PBXBuildFile; fileRef = AED218F416BA9E0900271930 /* menu_btn@2x.png */; };
		AED2190416BA9E0900271930 /* menu_btn_hover.png in Resources */ = {isa = PBXBuildFile; fileRef = AED218F516BA9E0900271930 /* menu_btn_hover.png */; };
		AED2190516BA9E0900271930 /* menu_btn_hover@2x.png in Resources */ = {isa = PBXBuildFile; fileRef = AED218F616BA9E0900271930 /* menu_btn_hover@2x.png */; };
		AED2190616BA9E0900271930 /* photo_holder.png in Resources */ = {isa = PBXBuildFile; fileRef = AED218F716BA9E0900271930 /* photo_holder.png */; };
		AED2190716BA9E0900271930 /* photo_holder@2x.png in Resources */ = {isa = PBXBuildFile; fileRef = AED218F816BA9E0900271930 /* photo_holder@2x.png */; };
		AED2190816BA9E0900271930 /* timer_holder.png in Resources */ = {isa = PBXBuildFile; fileRef = AED218F916BA9E0900271930 /* timer_holder.png */; };
		AED2190916BA9E0900271930 /* timer_holder@2x.png in Resources */ = {isa = PBXBuildFile; fileRef = AED218FA16BA9E0900271930 /* timer_holder@2x.png */; };
		AED2190B16BAA63200271930 /* test1.jpg in Resources */ = {isa = PBXBuildFile; fileRef = AED2190A16BAA63200271930 /* test1.jpg */; };
		AED2190E16BAAC9F00271930 /* photo_grid.png in Resources */ = {isa = PBXBuildFile; fileRef = AED2190C16BAAC9F00271930 /* photo_grid.png */; };
		AED2190F16BAAC9F00271930 /* photo_grid@2x.png in Resources */ = {isa = PBXBuildFile; fileRef = AED2190D16BAAC9F00271930 /* photo_grid@2x.png */; };
		AED2191116BAB61900271930 /* test1@2x.jpg in Resources */ = {isa = PBXBuildFile; fileRef = AED2191016BAB61900271930 /* test1@2x.jpg */; };
		AED2191416BABEA700271930 /* test2.jpg in Resources */ = {isa = PBXBuildFile; fileRef = AED2191216BABEA700271930 /* test2.jpg */; };
		AED2191516BABEA700271930 /* test2@2x.jpg in Resources */ = {isa = PBXBuildFile; fileRef = AED2191316BABEA700271930 /* test2@2x.jpg */; };
/* End PBXBuildFile section */

/* Begin PBXFileReference section */
		AE72DBB916BBAABA00C12D6C /* RMPhotoSelectionViewController.h */ = {isa = PBXFileReference; fileEncoding = 4; lastKnownFileType = sourcecode.c.h; path = RMPhotoSelectionViewController.h; sourceTree = "<group>"; };
		AE72DBBA16BBAABA00C12D6C /* RMPhotoSelectionViewController.m */ = {isa = PBXFileReference; fileEncoding = 4; lastKnownFileType = sourcecode.c.objc; path = RMPhotoSelectionViewController.m; sourceTree = "<group>"; };
		AE72DBBE16BBB13D00C12D6C /* RMCustomImageView.h */ = {isa = PBXFileReference; fileEncoding = 4; lastKnownFileType = sourcecode.c.h; name = RMCustomImageView.h; path = view/RMCustomImageView.h; sourceTree = "<group>"; };
		AE72DBBF16BBB13D00C12D6C /* RMCustomImageView.m */ = {isa = PBXFileReference; fileEncoding = 4; lastKnownFileType = sourcecode.c.objc; name = RMCustomImageView.m; path = view/RMCustomImageView.m; sourceTree = "<group>"; };
		AE72DBC116BBB51900C12D6C /* test3.jpg */ = {isa = PBXFileReference; lastKnownFileType = image.jpeg; name = test3.jpg; path = images/test3.jpg; sourceTree = "<group>"; };
		AE72DBC216BBB51900C12D6C /* test4.jpg */ = {isa = PBXFileReference; lastKnownFileType = image.jpeg; name = test4.jpg; path = images/test4.jpg; sourceTree = "<group>"; };
		AE72DBC516BBB5BE00C12D6C /* QuartzCore.framework */ = {isa = PBXFileReference; lastKnownFileType = wrapper.framework; name = QuartzCore.framework; path = System/Library/Frameworks/QuartzCore.framework; sourceTree = SDKROOT; };
		AED218BC16BA934000271930 /* RotateMe.app */ = {isa = PBXFileReference; explicitFileType = wrapper.application; includeInIndex = 0; path = RotateMe.app; sourceTree = BUILT_PRODUCTS_DIR; };
		AED218C016BA934000271930 /* UIKit.framework */ = {isa = PBXFileReference; lastKnownFileType = wrapper.framework; name = UIKit.framework; path = System/Library/Frameworks/UIKit.framework; sourceTree = SDKROOT; };
		AED218C216BA934000271930 /* Foundation.framework */ = {isa = PBXFileReference; lastKnownFileType = wrapper.framework; name = Foundation.framework; path = System/Library/Frameworks/Foundation.framework; sourceTree = SDKROOT; };
		AED218C416BA934000271930 /* CoreGraphics.framework */ = {isa = PBXFileReference; lastKnownFileType = wrapper.framework; name = CoreGraphics.framework; path = System/Library/Frameworks/CoreGraphics.framework; sourceTree = SDKROOT; };
		AED218C816BA934000271930 /* RotateMe-Info.plist */ = {isa = PBXFileReference; lastKnownFileType = text.plist.xml; path = "RotateMe-Info.plist"; sourceTree = "<group>"; };
		AED218CA16BA934000271930 /* en */ = {isa = PBXFileReference; lastKnownFileType = text.plist.strings; name = en; path = en.lproj/InfoPlist.strings; sourceTree = "<group>"; };
		AED218CC16BA934000271930 /* main.m */ = {isa = PBXFileReference; lastKnownFileType = sourcecode.c.objc; path = main.m; sourceTree = "<group>"; };
		AED218CE16BA934000271930 /* RotateMe-Prefix.pch */ = {isa = PBXFileReference; lastKnownFileType = sourcecode.c.h; path = "RotateMe-Prefix.pch"; sourceTree = "<group>"; };
		AED218CF16BA934000271930 /* RMAppDelegate.h */ = {isa = PBXFileReference; lastKnownFileType = sourcecode.c.h; path = RMAppDelegate.h; sourceTree = "<group>"; };
		AED218D016BA934000271930 /* RMAppDelegate.m */ = {isa = PBXFileReference; lastKnownFileType = sourcecode.c.objc; path = RMAppDelegate.m; sourceTree = "<group>"; };
		AED218D216BA934000271930 /* Default.png */ = {isa = PBXFileReference; lastKnownFileType = image.png; path = Default.png; sourceTree = "<group>"; };
		AED218D416BA934000271930 /* Default@2x.png */ = {isa = PBXFileReference; lastKnownFileType = image.png; path = "Default@2x.png"; sourceTree = "<group>"; };
		AED218D616BA934000271930 /* Default-568h@2x.png */ = {isa = PBXFileReference; lastKnownFileType = image.png; path = "Default-568h@2x.png"; sourceTree = "<group>"; };
		AED218D916BA934000271930 /* en */ = {isa = PBXFileReference; lastKnownFileType = file.storyboard; name = en; path = en.lproj/MainStoryboard_iPhone.storyboard; sourceTree = "<group>"; };
		AED218DC16BA934000271930 /* en */ = {isa = PBXFileReference; lastKnownFileType = file.storyboard; name = en; path = en.lproj/MainStoryboard_iPad.storyboard; sourceTree = "<group>"; };
		AED218E716BA9D8500271930 /* RMInGameViewController.h */ = {isa = PBXFileReference; fileEncoding = 4; lastKnownFileType = sourcecode.c.h; name = RMInGameViewController.h; path = view/RMInGameViewController.h; sourceTree = "<group>"; };
		AED218E816BA9D8500271930 /* RMInGameViewController.m */ = {isa = PBXFileReference; fileEncoding = 4; lastKnownFileType = sourcecode.c.objc; name = RMInGameViewController.m; path = view/RMInGameViewController.m; sourceTree = "<group>"; };
		AED218EC16BA9E0900271930 /* game_bg-568h@2x.jpg */ = {isa = PBXFileReference; lastKnownFileType = image.jpeg; path = "game_bg-568h@2x.jpg"; sourceTree = "<group>"; };
		AED218ED16BA9E0900271930 /* game_bg.jpg */ = {isa = PBXFileReference; lastKnownFileType = image.jpeg; path = game_bg.jpg; sourceTree = "<group>"; };
		AED218EE16BA9E0900271930 /* game_bg@2x.jpg */ = {isa = PBXFileReference; lastKnownFileType = image.jpeg; path = "game_bg@2x.jpg"; sourceTree = "<group>"; };
		AED218EF16BA9E0900271930 /* help_btn.png */ = {isa = PBXFileReference; lastKnownFileType = image.png; path = help_btn.png; sourceTree = "<group>"; };
		AED218F016BA9E0900271930 /* help_btn@2x.png */ = {isa = PBXFileReference; lastKnownFileType = image.png; path = "help_btn@2x.png"; sourceTree = "<group>"; };
		AED218F116BA9E0900271930 /* help_btn_hover.png */ = {isa = PBXFileReference; lastKnownFileType = image.png; path = help_btn_hover.png; sourceTree = "<group>"; };
		AED218F216BA9E0900271930 /* help_btn_hover@2x.png */ = {isa = PBXFileReference; lastKnownFileType = image.png; path = "help_btn_hover@2x.png"; sourceTree = "<group>"; };
		AED218F316BA9E0900271930 /* menu_btn.png */ = {isa = PBXFileReference; lastKnownFileType = image.png; path = menu_btn.png; sourceTree = "<group>"; };
		AED218F416BA9E0900271930 /* menu_btn@2x.png */ = {isa = PBXFileReference; lastKnownFileType = image.png; path = "menu_btn@2x.png"; sourceTree = "<group>"; };
		AED218F516BA9E0900271930 /* menu_btn_hover.png */ = {isa = PBXFileReference; lastKnownFileType = image.png; path = menu_btn_hover.png; sourceTree = "<group>"; };
		AED218F616BA9E0900271930 /* menu_btn_hover@2x.png */ = {isa = PBXFileReference; lastKnownFileType = image.png; path = "menu_btn_hover@2x.png"; sourceTree = "<group>"; };
		AED218F716BA9E0900271930 /* photo_holder.png */ = {isa = PBXFileReference; lastKnownFileType = image.png; path = photo_holder.png; sourceTree = "<group>"; };
		AED218F816BA9E0900271930 /* photo_holder@2x.png */ = {isa = PBXFileReference; lastKnownFileType = image.png; path = "photo_holder@2x.png"; sourceTree = "<group>"; };
		AED218F916BA9E0900271930 /* timer_holder.png */ = {isa = PBXFileReference; lastKnownFileType = image.png; path = timer_holder.png; sourceTree = "<group>"; };
		AED218FA16BA9E0900271930 /* timer_holder@2x.png */ = {isa = PBXFileReference; lastKnownFileType = image.png; path = "timer_holder@2x.png"; sourceTree = "<group>"; };
		AED2190A16BAA63200271930 /* test1.jpg */ = {isa = PBXFileReference; lastKnownFileType = image.jpeg; name = test1.jpg; path = images/test1.jpg; sourceTree = "<group>"; };
		AED2190C16BAAC9F00271930 /* photo_grid.png */ = {isa = PBXFileReference; lastKnownFileType = image.png; path = photo_grid.png; sourceTree = "<group>"; };
		AED2190D16BAAC9F00271930 /* photo_grid@2x.png */ = {isa = PBXFileReference; lastKnownFileType = image.png; path = "photo_grid@2x.png"; sourceTree = "<group>"; };
		AED2191016BAB61900271930 /* test1@2x.jpg */ = {isa = PBXFileReference; lastKnownFileType = image.jpeg; name = "test1@2x.jpg"; path = "images/test1@2x.jpg"; sourceTree = "<group>"; };
		AED2191216BABEA700271930 /* test2.jpg */ = {isa = PBXFileReference; lastKnownFileType = image.jpeg; name = test2.jpg; path = images/test2.jpg; sourceTree = "<group>"; };
		AED2191316BABEA700271930 /* test2@2x.jpg */ = {isa = PBXFileReference; lastKnownFileType = image.jpeg; name = "test2@2x.jpg"; path = "images/test2@2x.jpg"; sourceTree = "<group>"; };
/* End PBXFileReference section */

/* Begin PBXFrameworksBuildPhase section */
		AED218B916BA934000271930 /* Frameworks */ = {
			isa = PBXFrameworksBuildPhase;
			buildActionMask = 2147483647;
			files = (
				AE72DBC616BBB5BE00C12D6C /* QuartzCore.framework in Frameworks */,
				AED218C116BA934000271930 /* UIKit.framework in Frameworks */,
				AED218C316BA934000271930 /* Foundation.framework in Frameworks */,
				AED218C516BA934000271930 /* CoreGraphics.framework in Frameworks */,
			);
			runOnlyForDeploymentPostprocessing = 0;
		};
/* End PBXFrameworksBuildPhase section */

/* Begin PBXGroup section */
		AE72DBBD16BBB0FA00C12D6C /* SpecialViews */ = {
			isa = PBXGroup;
			children = (
				AE72DBBE16BBB13D00C12D6C /* RMCustomImageView.h */,
				AE72DBBF16BBB13D00C12D6C /* RMCustomImageView.m */,
			);
			name = SpecialViews;
			sourceTree = "<group>";
		};
		AED218B116BA934000271930 = {
			isa = PBXGroup;
			children = (
				AED218C616BA934000271930 /* RotateMe */,
				AED218BF16BA934000271930 /* Frameworks */,
				AED218BD16BA934000271930 /* Products */,
			);
			sourceTree = "<group>";
		};
		AED218BD16BA934000271930 /* Products */ = {
			isa = PBXGroup;
			children = (
				AED218BC16BA934000271930 /* RotateMe.app */,
			);
			name = Products;
			sourceTree = "<group>";
		};
		AED218BF16BA934000271930 /* Frameworks */ = {
			isa = PBXGroup;
			children = (
				AE72DBC516BBB5BE00C12D6C /* QuartzCore.framework */,
				AED218C016BA934000271930 /* UIKit.framework */,
				AED218C216BA934000271930 /* Foundation.framework */,
				AED218C416BA934000271930 /* CoreGraphics.framework */,
			);
			name = Frameworks;
			sourceTree = "<group>";
		};
		AED218C616BA934000271930 /* RotateMe */ = {
			isa = PBXGroup;
			children = (
				AED218EA16BA9DFD00271930 /* Images */,
				AED218DB16BA934000271930 /* MainStoryboard_iPad.storyboard */,
				AED218D816BA934000271930 /* MainStoryboard_iPhone.storyboard */,
				AED218CF16BA934000271930 /* RMAppDelegate.h */,
				AED218D016BA934000271930 /* RMAppDelegate.m */,
				AED218E616BA9CDB00271930 /* View */,
				AED218C716BA934000271930 /* Supporting Files */,
			);
			path = RotateMe;
			sourceTree = "<group>";
		};
		AED218C716BA934000271930 /* Supporting Files */ = {
			isa = PBXGroup;
			children = (
				AED218C816BA934000271930 /* RotateMe-Info.plist */,
				AED218C916BA934000271930 /* InfoPlist.strings */,
				AED218CC16BA934000271930 /* main.m */,
				AED218CE16BA934000271930 /* RotateMe-Prefix.pch */,
				AED218D216BA934000271930 /* Default.png */,
				AED218D416BA934000271930 /* Default@2x.png */,
				AED218D616BA934000271930 /* Default-568h@2x.png */,
			);
			name = "Supporting Files";
			sourceTree = "<group>";
		};
		AED218E616BA9CDB00271930 /* View */ = {
			isa = PBXGroup;
			children = (
				AE72DBBD16BBB0FA00C12D6C /* SpecialViews */,
				AED218E716BA9D8500271930 /* RMInGameViewController.h */,
				AED218E816BA9D8500271930 /* RMInGameViewController.m */,
				AE72DBB916BBAABA00C12D6C /* RMPhotoSelectionViewController.h */,
				AE72DBBA16BBAABA00C12D6C /* RMPhotoSelectionViewController.m */,
			);
			name = View;
			sourceTree = "<group>";
		};
		AED218EA16BA9DFD00271930 /* Images */ = {
			isa = PBXGroup;
			children = (
				AE72DBC116BBB51900C12D6C /* test3.jpg */,
				AE72DBC216BBB51900C12D6C /* test4.jpg */,
				AED2191216BABEA700271930 /* test2.jpg */,
				AED2191316BABEA700271930 /* test2@2x.jpg */,
				AED2190A16BAA63200271930 /* test1.jpg */,
				AED2191016BAB61900271930 /* test1@2x.jpg */,
				AED218EB16BA9E0900271930 /* gamescreen */,
			);
			name = Images;
			sourceTree = "<group>";
		};
		AED218EB16BA9E0900271930 /* gamescreen */ = {
			isa = PBXGroup;
			children = (
				AED2190C16BAAC9F00271930 /* photo_grid.png */,
				AED2190D16BAAC9F00271930 /* photo_grid@2x.png */,
				AED218EC16BA9E0900271930 /* game_bg-568h@2x.jpg */,
				AED218ED16BA9E0900271930 /* game_bg.jpg */,
				AED218EE16BA9E0900271930 /* game_bg@2x.jpg */,
				AED218EF16BA9E0900271930 /* help_btn.png */,
				AED218F016BA9E0900271930 /* help_btn@2x.png */,
				AED218F116BA9E0900271930 /* help_btn_hover.png */,
				AED218F216BA9E0900271930 /* help_btn_hover@2x.png */,
				AED218F316BA9E0900271930 /* menu_btn.png */,
				AED218F416BA9E0900271930 /* menu_btn@2x.png */,
				AED218F516BA9E0900271930 /* menu_btn_hover.png */,
				AED218F616BA9E0900271930 /* menu_btn_hover@2x.png */,
				AED218F716BA9E0900271930 /* photo_holder.png */,
				AED218F816BA9E0900271930 /* photo_holder@2x.png */,
				AED218F916BA9E0900271930 /* timer_holder.png */,
				AED218FA16BA9E0900271930 /* timer_holder@2x.png */,
			);
			name = gamescreen;
			path = images/gamescreen;
			sourceTree = "<group>";
		};
/* End PBXGroup section */

/* Begin PBXNativeTarget section */
		AED218BB16BA934000271930 /* RotateMe */ = {
			isa = PBXNativeTarget;
			buildConfigurationList = AED218E316BA934000271930 /* Build configuration list for PBXNativeTarget "RotateMe" */;
			buildPhases = (
				AED218B816BA934000271930 /* Sources */,
				AED218B916BA934000271930 /* Frameworks */,
				AED218BA16BA934000271930 /* Resources */,
			);
			buildRules = (
			);
			dependencies = (
			);
			name = RotateMe;
			productName = RotateMe;
			productReference = AED218BC16BA934000271930 /* RotateMe.app */;
			productType = "com.apple.product-type.application";
		};
/* End PBXNativeTarget section */

/* Begin PBXProject section */
		AED218B316BA934000271930 /* Project object */ = {
			isa = PBXProject;
			attributes = {
				CLASSPREFIX = RM;
				LastUpgradeCheck = 0450;
				ORGANIZATIONNAME = "Yunus Eren Guzel";
			};
			buildConfigurationList = AED218B616BA934000271930 /* Build configuration list for PBXProject "RotateMe" */;
			compatibilityVersion = "Xcode 3.2";
			developmentRegion = English;
			hasScannedForEncodings = 0;
			knownRegions = (
				en,
			);
			mainGroup = AED218B116BA934000271930;
			productRefGroup = AED218BD16BA934000271930 /* Products */;
			projectDirPath = "";
			projectRoot = "";
			targets = (
				AED218BB16BA934000271930 /* RotateMe */,
			);
		};
/* End PBXProject section */

/* Begin PBXResourcesBuildPhase section */
		AED218BA16BA934000271930 /* Resources */ = {
			isa = PBXResourcesBuildPhase;
			buildActionMask = 2147483647;
			files = (
				AED218CB16BA934000271930 /* InfoPlist.strings in Resources */,
				AED218D316BA934000271930 /* Default.png in Resources */,
				AED218D516BA934000271930 /* Default@2x.png in Resources */,
				AED218D716BA934000271930 /* Default-568h@2x.png in Resources */,
				AED218DA16BA934000271930 /* MainStoryboard_iPhone.storyboard in Resources */,
				AED218DD16BA934000271930 /* MainStoryboard_iPad.storyboard in Resources */,
				AED218FB16BA9E0900271930 /* game_bg-568h@2x.jpg in Resources */,
				AED218FC16BA9E0900271930 /* game_bg.jpg in Resources */,
				AED218FD16BA9E0900271930 /* game_bg@2x.jpg in Resources */,
				AED218FE16BA9E0900271930 /* help_btn.png in Resources */,
				AED218FF16BA9E0900271930 /* help_btn@2x.png in Resources */,
				AED2190016BA9E0900271930 /* help_btn_hover.png in Resources */,
				AED2190116BA9E0900271930 /* help_btn_hover@2x.png in Resources */,
				AED2190216BA9E0900271930 /* menu_btn.png in Resources */,
				AED2190316BA9E0900271930 /* menu_btn@2x.png in Resources */,
				AED2190416BA9E0900271930 /* menu_btn_hover.png in Resources */,
				AED2190516BA9E0900271930 /* menu_btn_hover@2x.png in Resources */,
				AED2190616BA9E0900271930 /* photo_holder.png in Resources */,
				AED2190716BA9E0900271930 /* photo_holder@2x.png in Resources */,
				AED2190816BA9E0900271930 /* timer_holder.png in Resources */,
				AED2190916BA9E0900271930 /* timer_holder@2x.png in Resources */,
				AED2190B16BAA63200271930 /* test1.jpg in Resources */,
				AED2190E16BAAC9F00271930 /* photo_grid.png in Resources */,
				AED2190F16BAAC9F00271930 /* photo_grid@2x.png in Resources */,
				AED2191116BAB61900271930 /* test1@2x.jpg in Resources */,
				AED2191416BABEA700271930 /* test2.jpg in Resources */,
				AED2191516BABEA700271930 /* test2@2x.jpg in Resources */,
				AE72DBC316BBB51900C12D6C /* test3.jpg in Resources */,
				AE72DBC416BBB51900C12D6C /* test4.jpg in Resources */,
			);
			runOnlyForDeploymentPostprocessing = 0;
		};
/* End PBXResourcesBuildPhase section */

/* Begin PBXSourcesBuildPhase section */
		AED218B816BA934000271930 /* Sources */ = {
			isa = PBXSourcesBuildPhase;
			buildActionMask = 2147483647;
			files = (
				AED218CD16BA934000271930 /* main.m in Sources */,
				AED218D116BA934000271930 /* RMAppDelegate.m in Sources */,
				AED218E916BA9D8500271930 /* RMInGameViewController.m in Sources */,
				AE72DBBB16BBAABA00C12D6C /* RMPhotoSelectionViewController.m in Sources */,
				AE72DBC016BBB13D00C12D6C /* RMCustomImageView.m in Sources */,
			);
			runOnlyForDeploymentPostprocessing = 0;
		};
/* End PBXSourcesBuildPhase section */

/* Begin PBXVariantGroup section */
		AED218C916BA934000271930 /* InfoPlist.strings */ = {
			isa = PBXVariantGroup;
			children = (
				AED218CA16BA934000271930 /* en */,
			);
			name = InfoPlist.strings;
			sourceTree = "<group>";
		};
		AED218D816BA934000271930 /* MainStoryboard_iPhone.storyboard */ = {
			isa = PBXVariantGroup;
			children = (
				AED218D916BA934000271930 /* en */,
			);
			name = MainStoryboard_iPhone.storyboard;
			sourceTree = "<group>";
		};
		AED218DB16BA934000271930 /* MainStoryboard_iPad.storyboard */ = {
			isa = PBXVariantGroup;
			children = (
				AED218DC16BA934000271930 /* en */,
			);
			name = MainStoryboard_iPad.storyboard;
			sourceTree = "<group>";
		};
/* End PBXVariantGroup section */

/* Begin XCBuildConfiguration section */
		AED218E116BA934000271930 /* Debug */ = {
			isa = XCBuildConfiguration;
			buildSettings = {
				ALWAYS_SEARCH_USER_PATHS = NO;
				CLANG_CXX_LANGUAGE_STANDARD = "gnu++0x";
				CLANG_CXX_LIBRARY = "libc++";
				CLANG_ENABLE_OBJC_ARC = YES;
				CLANG_WARN_EMPTY_BODY = YES;
				CLANG_WARN__DUPLICATE_METHOD_MATCH = YES;
				"CODE_SIGN_IDENTITY[sdk=iphoneos*]" = "iPhone Developer";
				COPY_PHASE_STRIP = NO;
				GCC_C_LANGUAGE_STANDARD = gnu99;
				GCC_DYNAMIC_NO_PIC = NO;
				GCC_OPTIMIZATION_LEVEL = 0;
				GCC_PREPROCESSOR_DEFINITIONS = (
					"DEBUG=1",
					"$(inherited)",
				);
				GCC_SYMBOLS_PRIVATE_EXTERN = NO;
				GCC_WARN_ABOUT_RETURN_TYPE = YES;
				GCC_WARN_UNINITIALIZED_AUTOS = YES;
				GCC_WARN_UNUSED_VARIABLE = YES;
				IPHONEOS_DEPLOYMENT_TARGET = 6.0;
				ONLY_ACTIVE_ARCH = YES;
				SDKROOT = iphoneos;
				TARGETED_DEVICE_FAMILY = "1,2";
			};
			name = Debug;
		};
		AED218E216BA934000271930 /* Release */ = {
			isa = XCBuildConfiguration;
			buildSettings = {
				ALWAYS_SEARCH_USER_PATHS = NO;
				CLANG_CXX_LANGUAGE_STANDARD = "gnu++0x";
				CLANG_CXX_LIBRARY = "libc++";
				CLANG_ENABLE_OBJC_ARC = YES;
				CLANG_WARN_EMPTY_BODY = YES;
				CLANG_WARN__DUPLICATE_METHOD_MATCH = YES;
				"CODE_SIGN_IDENTITY[sdk=iphoneos*]" = "iPhone Developer";
				COPY_PHASE_STRIP = YES;
				GCC_C_LANGUAGE_STANDARD = gnu99;
				GCC_WARN_ABOUT_RETURN_TYPE = YES;
				GCC_WARN_UNINITIALIZED_AUTOS = YES;
				GCC_WARN_UNUSED_VARIABLE = YES;
				IPHONEOS_DEPLOYMENT_TARGET = 6.0;
				OTHER_CFLAGS = "-DNS_BLOCK_ASSERTIONS=1";
				SDKROOT = iphoneos;
				TARGETED_DEVICE_FAMILY = "1,2";
				VALIDATE_PRODUCT = YES;
			};
			name = Release;
		};
		AED218E416BA934000271930 /* Debug */ = {
			isa = XCBuildConfiguration;
			buildSettings = {
				GCC_PRECOMPILE_PREFIX_HEADER = YES;
				GCC_PREFIX_HEADER = "RotateMe/RotateMe-Prefix.pch";
				INFOPLIST_FILE = "RotateMe/RotateMe-Info.plist";
				PRODUCT_NAME = "$(TARGET_NAME)";
				WRAPPER_EXTENSION = app;
			};
			name = Debug;
		};
		AED218E516BA934000271930 /* Release */ = {
			isa = XCBuildConfiguration;
			buildSettings = {
				GCC_PRECOMPILE_PREFIX_HEADER = YES;
				GCC_PREFIX_HEADER = "RotateMe/RotateMe-Prefix.pch";
				INFOPLIST_FILE = "RotateMe/RotateMe-Info.plist";
				PRODUCT_NAME = "$(TARGET_NAME)";
				WRAPPER_EXTENSION = app;
			};
			name = Release;
		};
/* End XCBuildConfiguration section */

/* Begin XCConfigurationList section */
		AED218B616BA934000271930 /* Build configuration list for PBXProject "RotateMe" */ = {
			isa = XCConfigurationList;
			buildConfigurations = (
				AED218E116BA934000271930 /* Debug */,
				AED218E216BA934000271930 /* Release */,
			);
			defaultConfigurationIsVisible = 0;
			defaultConfigurationName = Release;
		};
		AED218E316BA934000271930 /* Build configuration list for PBXNativeTarget "RotateMe" */ = {
			isa = XCConfigurationList;
			buildConfigurations = (
				AED218E416BA934000271930 /* Debug */,
				AED218E516BA934000271930 /* Release */,
			);
			defaultConfigurationIsVisible = 0;
			defaultConfigurationName = Release;
		};
/* End XCConfigurationList section */
	};
	rootObject = AED218B316BA934000271930 /* Project object */;
}
