// !$*UTF8*$!
{
	archiveVersion = 1;
	classes = {
	};
	objectVersion = 46;
	objects = {

/* Begin PBXBuildFile section */
		415149DF16C3EFCF003BE22A /* RMInGameIPadViewController.m in Sources */ = {isa = PBXBuildFile; fileRef = 415149DE16C3EFCF003BE22A /* RMInGameIPadViewController.m */; };
		415149E216C3F18F003BE22A /* photo_holder_ipad.png in Resources */ = {isa = PBXBuildFile; fileRef = 415149E016C3F18F003BE22A /* photo_holder_ipad.png */; };
		415149E316C3F18F003BE22A /* photo_holder_ipad@2x.png in Resources */ = {isa = PBXBuildFile; fileRef = 415149E116C3F18F003BE22A /* photo_holder_ipad@2x.png */; };
		415149E616C3F23B003BE22A /* game_bg_ipad.jpg in Resources */ = {isa = PBXBuildFile; fileRef = 415149E416C3F23B003BE22A /* game_bg_ipad.jpg */; };
		415149E716C3F23B003BE22A /* game_bg_ipad@2x.jpg in Resources */ = {isa = PBXBuildFile; fileRef = 415149E516C3F23B003BE22A /* game_bg_ipad@2x.jpg */; };
		415149EA16C3F257003BE22A /* timer_holder_ipad.png in Resources */ = {isa = PBXBuildFile; fileRef = 415149E816C3F257003BE22A /* timer_holder_ipad.png */; };
		415149EB16C3F257003BE22A /* timer_holder_ipad@2x.png in Resources */ = {isa = PBXBuildFile; fileRef = 415149E916C3F257003BE22A /* timer_holder_ipad@2x.png */; };
		41B94CC616C2E59500B7C70A /* RMGallerySelectionIPadViewController.m in Sources */ = {isa = PBXBuildFile; fileRef = 41B94CC516C2E59500B7C70A /* RMGallerySelectionIPadViewController.m */; };
		41B94CC916C2E6A000B7C70A /* RMPhotoSelectionIPadViewController.m in Sources */ = {isa = PBXBuildFile; fileRef = 41B94CC816C2E6A000B7C70A /* RMPhotoSelectionIPadViewController.m */; };
		AE09C30616C23FBC00F634CB /* RMGallerySelectionViewController.m in Sources */ = {isa = PBXBuildFile; fileRef = AE09C30516C23FBC00F634CB /* RMGallerySelectionViewController.m */; };
		AE09C31B16C24AA100F634CB /* test1.jpg in Resources */ = {isa = PBXBuildFile; fileRef = AE09C30916C24AA100F634CB /* test1.jpg */; };
		AE09C31C16C24AA100F634CB /* test10.jpg in Resources */ = {isa = PBXBuildFile; fileRef = AE09C30A16C24AA100F634CB /* test10.jpg */; };
		AE09C31D16C24AA100F634CB /* test11.jpg in Resources */ = {isa = PBXBuildFile; fileRef = AE09C30B16C24AA100F634CB /* test11.jpg */; };
		AE09C31E16C24AA100F634CB /* test12.jpg in Resources */ = {isa = PBXBuildFile; fileRef = AE09C30C16C24AA100F634CB /* test12.jpg */; };
		AE09C31F16C24AA100F634CB /* test13.jpg in Resources */ = {isa = PBXBuildFile; fileRef = AE09C30D16C24AA100F634CB /* test13.jpg */; };
		AE09C32016C24AA100F634CB /* test14.jpg in Resources */ = {isa = PBXBuildFile; fileRef = AE09C30E16C24AA100F634CB /* test14.jpg */; };
		AE09C32116C24AA100F634CB /* test2.jpg in Resources */ = {isa = PBXBuildFile; fileRef = AE09C30F16C24AA100F634CB /* test2.jpg */; };
		AE09C32216C24AA100F634CB /* test3.jpg in Resources */ = {isa = PBXBuildFile; fileRef = AE09C31016C24AA100F634CB /* test3.jpg */; };
		AE09C32316C24AA100F634CB /* test4.jpg in Resources */ = {isa = PBXBuildFile; fileRef = AE09C31116C24AA100F634CB /* test4.jpg */; };
		AE09C32416C24AA100F634CB /* test6.jpg in Resources */ = {isa = PBXBuildFile; fileRef = AE09C31216C24AA100F634CB /* test6.jpg */; };
		AE09C32516C24AA100F634CB /* test7.jpg in Resources */ = {isa = PBXBuildFile; fileRef = AE09C31316C24AA100F634CB /* test7.jpg */; };
		AE09C32616C24AA100F634CB /* test8.jpg in Resources */ = {isa = PBXBuildFile; fileRef = AE09C31416C24AA100F634CB /* test8.jpg */; };
		AE09C32716C24AA100F634CB /* photo_gradient.png in Resources */ = {isa = PBXBuildFile; fileRef = AE09C31616C24AA100F634CB /* photo_gradient.png */; };
		AE09C32816C24AA100F634CB /* photo_gradient@2x.png in Resources */ = {isa = PBXBuildFile; fileRef = AE09C31716C24AA100F634CB /* photo_gradient@2x.png */; };
		AE09C32916C24AA100F634CB /* selection_bg-568h@2x.png in Resources */ = {isa = PBXBuildFile; fileRef = AE09C31816C24AA100F634CB /* selection_bg-568h@2x.png */; };
		AE09C32A16C24AA100F634CB /* selection_bg.png in Resources */ = {isa = PBXBuildFile; fileRef = AE09C31916C24AA100F634CB /* selection_bg.png */; };
		AE09C32B16C24AA100F634CB /* selection_bg@2x.png in Resources */ = {isa = PBXBuildFile; fileRef = AE09C31A16C24AA100F634CB /* selection_bg@2x.png */; };
		AE09C32E16C261B100F634CB /* back_button.png in Resources */ = {isa = PBXBuildFile; fileRef = AE09C32C16C261B100F634CB /* back_button.png */; };
		AE09C32F16C261B100F634CB /* back_button@2x.png in Resources */ = {isa = PBXBuildFile; fileRef = AE09C32D16C261B100F634CB /* back_button@2x.png */; };
		AE09C33416C284A400F634CB /* TR McLean  Bold.ttf in Resources */ = {isa = PBXBuildFile; fileRef = AE09C33216C284A400F634CB /* TR McLean  Bold.ttf */; };
		AE09C33516C284A400F634CB /* TR McLean.ttf in Resources */ = {isa = PBXBuildFile; fileRef = AE09C33316C284A400F634CB /* TR McLean.ttf */; };
		AE2BE2AD16C3A07200A0335D /* PhotoManagedObject.m in Sources */ = {isa = PBXBuildFile; fileRef = AE2BE2AC16C3A07200A0335D /* PhotoManagedObject.m */; };
		AE2BE2C416C3D18700A0335D /* photo_grid_normal.png in Resources */ = {isa = PBXBuildFile; fileRef = AE2BE2C016C3D18700A0335D /* photo_grid_normal.png */; };
		AE2BE2C516C3D18700A0335D /* photo_grid_normal@2x.png in Resources */ = {isa = PBXBuildFile; fileRef = AE2BE2C116C3D18700A0335D /* photo_grid_normal@2x.png */; };
		AE2BE2C616C3D18700A0335D /* photo_holder_normal.png in Resources */ = {isa = PBXBuildFile; fileRef = AE2BE2C216C3D18700A0335D /* photo_holder_normal.png */; };
		AE2BE2C716C3D18700A0335D /* photo_holder_normal@2x.png in Resources */ = {isa = PBXBuildFile; fileRef = AE2BE2C316C3D18700A0335D /* photo_holder_normal@2x.png */; };
		AE2BE2CA16C3ED4600A0335D /* RMPhotoSelectionImageView.m in Sources */ = {isa = PBXBuildFile; fileRef = AE2BE2C916C3ED4600A0335D /* RMPhotoSelectionImageView.m */; };
		AE72DBBB16BBAABA00C12D6C /* RMPhotoSelectionViewController.m in Sources */ = {isa = PBXBuildFile; fileRef = AE72DBBA16BBAABA00C12D6C /* RMPhotoSelectionViewController.m */; };
		AE72DBC016BBB13D00C12D6C /* RMCustomImageView.m in Sources */ = {isa = PBXBuildFile; fileRef = AE72DBBF16BBB13D00C12D6C /* RMCustomImageView.m */; };
		AE72DBC616BBB5BE00C12D6C /* QuartzCore.framework in Frameworks */ = {isa = PBXBuildFile; fileRef = AE72DBC516BBB5BE00C12D6C /* QuartzCore.framework */; };
		AE72DBCD16BBE4CC00C12D6C /* photo_double_grid.png in Resources */ = {isa = PBXBuildFile; fileRef = AE72DBCB16BBE4CC00C12D6C /* photo_double_grid.png */; };
		AE72DBCE16BBE4CC00C12D6C /* photo_double_grid@2x.png in Resources */ = {isa = PBXBuildFile; fileRef = AE72DBCC16BBE4CC00C12D6C /* photo_double_grid@2x.png */; };
		AE7CBED316BFE3DE001BAF3D /* RMBundleInitializer.m in Sources */ = {isa = PBXBuildFile; fileRef = AE7CBED216BFE3DE001BAF3D /* RMBundleInitializer.m */; };
		AE7CBED916BFF833001BAF3D /* RMDatabaseManager.m in Sources */ = {isa = PBXBuildFile; fileRef = AE7CBED816BFF833001BAF3D /* RMDatabaseManager.m */; };
		AE7CBEDC16C003E7001BAF3D /* Localizable.strings in Resources */ = {isa = PBXBuildFile; fileRef = AE7CBEDE16C003E7001BAF3D /* Localizable.strings */; };
		AE7CBEE216C00742001BAF3D /* Score.m in Sources */ = {isa = PBXBuildFile; fileRef = AE7CBEE116C00742001BAF3D /* Score.m */; };
		AE7CBEE416C00AF3001BAF3D /* TypeDefs.m in Sources */ = {isa = PBXBuildFile; fileRef = AE7CBEE316C00AF3001BAF3D /* TypeDefs.m */; };
		AED218C116BA934000271930 /* UIKit.framework in Frameworks */ = {isa = PBXBuildFile; fileRef = AED218C016BA934000271930 /* UIKit.framework */; };
		AED218C316BA934000271930 /* Foundation.framework in Frameworks */ = {isa = PBXBuildFile; fileRef = AED218C216BA934000271930 /* Foundation.framework */; };
		AED218C516BA934000271930 /* CoreGraphics.framework in Frameworks */ = {isa = PBXBuildFile; fileRef = AED218C416BA934000271930 /* CoreGraphics.framework */; };
		AED218CB16BA934000271930 /* InfoPlist.strings in Resources */ = {isa = PBXBuildFile; fileRef = AED218C916BA934000271930 /* InfoPlist.strings */; };
		AED218CD16BA934000271930 /* main.m in Sources */ = {isa = PBXBuildFile; fileRef = AED218CC16BA934000271930 /* main.m */; };
		AED218D116BA934000271930 /* RMAppDelegate.m in Sources */ = {isa = PBXBuildFile; fileRef = AED218D016BA934000271930 /* RMAppDelegate.m */; };
		AED218D316BA934000271930 /* Default.png in Resources */ = {isa = PBXBuildFile; fileRef = AED218D216BA934000271930 /* Default.png */; };
		AED218D516BA934000271930 /* Default@2x.png in Resources */ = {isa = PBXBuildFile; fileRef = AED218D416BA934000271930 /* Default@2x.png */; };
		AED218D716BA934000271930 /* Default-568h@2x.png in Resources */ = {isa = PBXBuildFile; fileRef = AED218D616BA934000271930 /* Default-568h@2x.png */; };
		AED218DA16BA934000271930 /* MainStoryboard_iPhone.storyboard in Resources */ = {isa = PBXBuildFile; fileRef = AED218D816BA934000271930 /* MainStoryboard_iPhone.storyboard */; };
		AED218DD16BA934000271930 /* MainStoryboard_iPad.storyboard in Resources */ = {isa = PBXBuildFile; fileRef = AED218DB16BA934000271930 /* MainStoryboard_iPad.storyboard */; };
		AED218E916BA9D8500271930 /* RMInGameViewController.m in Sources */ = {isa = PBXBuildFile; fileRef = AED218E816BA9D8500271930 /* RMInGameViewController.m */; };
		AED218FB16BA9E0900271930 /* game_bg-568h@2x.jpg in Resources */ = {isa = PBXBuildFile; fileRef = AED218EC16BA9E0900271930 /* game_bg-568h@2x.jpg */; };
		AED218FC16BA9E0900271930 /* game_bg.jpg in Resources */ = {isa = PBXBuildFile; fileRef = AED218ED16BA9E0900271930 /* game_bg.jpg */; };
		AED218FD16BA9E0900271930 /* game_bg@2x.jpg in Resources */ = {isa = PBXBuildFile; fileRef = AED218EE16BA9E0900271930 /* game_bg@2x.jpg */; };
		AED218FE16BA9E0900271930 /* help_btn.png in Resources */ = {isa = PBXBuildFile; fileRef = AED218EF16BA9E0900271930 /* help_btn.png */; };
		AED218FF16BA9E0900271930 /* help_btn@2x.png in Resources */ = {isa = PBXBuildFile; fileRef = AED218F016BA9E0900271930 /* help_btn@2x.png */; };
		AED2190016BA9E0900271930 /* help_btn_hover.png in Resources */ = {isa = PBXBuildFile; fileRef = AED218F116BA9E0900271930 /* help_btn_hover.png */; };
		AED2190116BA9E0900271930 /* help_btn_hover@2x.png in Resources */ = {isa = PBXBuildFile; fileRef = AED218F216BA9E0900271930 /* help_btn_hover@2x.png */; };
		AED2190216BA9E0900271930 /* menu_btn.png in Resources */ = {isa = PBXBuildFile; fileRef = AED218F316BA9E0900271930 /* menu_btn.png */; };
		AED2190316BA9E0900271930 /* menu_btn@2x.png in Resources */ = {isa = PBXBuildFile; fileRef = AED218F416BA9E0900271930 /* menu_btn@2x.png */; };
		AED2190416BA9E0900271930 /* menu_btn_hover.png in Resources */ = {isa = PBXBuildFile; fileRef = AED218F516BA9E0900271930 /* menu_btn_hover.png */; };
		AED2190516BA9E0900271930 /* menu_btn_hover@2x.png in Resources */ = {isa = PBXBuildFile; fileRef = AED218F616BA9E0900271930 /* menu_btn_hover@2x.png */; };
		AED2190616BA9E0900271930 /* photo_holder.png in Resources */ = {isa = PBXBuildFile; fileRef = AED218F716BA9E0900271930 /* photo_holder.png */; };
		AED2190716BA9E0900271930 /* photo_holder@2x.png in Resources */ = {isa = PBXBuildFile; fileRef = AED218F816BA9E0900271930 /* photo_holder@2x.png */; };
		AED2190816BA9E0900271930 /* timer_holder.png in Resources */ = {isa = PBXBuildFile; fileRef = AED218F916BA9E0900271930 /* timer_holder.png */; };
		AED2190916BA9E0900271930 /* timer_holder@2x.png in Resources */ = {isa = PBXBuildFile; fileRef = AED218FA16BA9E0900271930 /* timer_holder@2x.png */; };
		AED2190E16BAAC9F00271930 /* photo_grid.png in Resources */ = {isa = PBXBuildFile; fileRef = AED2190C16BAAC9F00271930 /* photo_grid.png */; };
		AED2190F16BAAC9F00271930 /* photo_grid@2x.png in Resources */ = {isa = PBXBuildFile; fileRef = AED2190D16BAAC9F00271930 /* photo_grid@2x.png */; };
		AED932BC16BF9DAD00DD9D30 /* RMStopWatch.m in Sources */ = {isa = PBXBuildFile; fileRef = AED932BB16BF9DAD00DD9D30 /* RMStopWatch.m */; };
		AED932BF16BFAD0400DD9D30 /* CoreData.framework in Frameworks */ = {isa = PBXBuildFile; fileRef = AED932BE16BFAD0400DD9D30 /* CoreData.framework */; };
		AED932C216BFAD3400DD9D30 /* Model.xcdatamodeld in Sources */ = {isa = PBXBuildFile; fileRef = AED932C016BFAD3400DD9D30 /* Model.xcdatamodeld */; };
		AED932CF16BFAE1300DD9D30 /* Photo.m in Sources */ = {isa = PBXBuildFile; fileRef = AED932CE16BFAE1300DD9D30 /* Photo.m */; };
		AED932D216BFAFD000DD9D30 /* Gallery.m in Sources */ = {isa = PBXBuildFile; fileRef = AED932D116BFAFD000DD9D30 /* Gallery.m */; };
		AED932D516BFB3B800DD9D30 /* RMCroppedImageView.m in Sources */ = {isa = PBXBuildFile; fileRef = AED932D416BFB3B800DD9D30 /* RMCroppedImageView.m */; };
		AEDFA2C116C0F9D800BB440C /* RMImage.m in Sources */ = {isa = PBXBuildFile; fileRef = AEDFA2C016C0F9D800BB440C /* RMImage.m */; };
		AEDFA2C616C133FA00BB440C /* UIView+Util.m in Sources */ = {isa = PBXBuildFile; fileRef = AEDFA2C516C133FA00BB440C /* UIView+Util.m */; };
		AEED52F916C4F89D003F4CCD /* Icon-72.png in Resources */ = {isa = PBXBuildFile; fileRef = AEED52F116C4F89D003F4CCD /* Icon-72.png */; };
		AEED52FA16C4F89D003F4CCD /* Icon-72@2x.png in Resources */ = {isa = PBXBuildFile; fileRef = AEED52F216C4F89D003F4CCD /* Icon-72@2x.png */; };
		AEED52FB16C4F89D003F4CCD /* Icon-Small-50.png in Resources */ = {isa = PBXBuildFile; fileRef = AEED52F316C4F89D003F4CCD /* Icon-Small-50.png */; };
		AEED52FC16C4F89D003F4CCD /* Icon-Small-50@2x.png in Resources */ = {isa = PBXBuildFile; fileRef = AEED52F416C4F89D003F4CCD /* Icon-Small-50@2x.png */; };
		AEED52FD16C4F89D003F4CCD /* Icon-Small.png in Resources */ = {isa = PBXBuildFile; fileRef = AEED52F516C4F89D003F4CCD /* Icon-Small.png */; };
		AEED52FE16C4F89D003F4CCD /* Icon-Small@2x.png in Resources */ = {isa = PBXBuildFile; fileRef = AEED52F616C4F89D003F4CCD /* Icon-Small@2x.png */; };
		AEED52FF16C4F89D003F4CCD /* Icon.png in Resources */ = {isa = PBXBuildFile; fileRef = AEED52F716C4F89D003F4CCD /* Icon.png */; };
		AEED530016C4F89D003F4CCD /* Icon@2x.png in Resources */ = {isa = PBXBuildFile; fileRef = AEED52F816C4F89D003F4CCD /* Icon@2x.png */; };
		AEFF1B8216C4E6E400922A25 /* GameCenterManager.m in Sources */ = {isa = PBXBuildFile; fileRef = AEFF1B8116C4E6E400922A25 /* GameCenterManager.m */; };
		AEFF1B8516C4E7FC00922A25 /* GameKit.framework in Frameworks */ = {isa = PBXBuildFile; fileRef = AEFF1B8416C4E7FC00922A25 /* GameKit.framework */; };
/* End PBXBuildFile section */

/* Begin PBXFileReference section */
		415149DD16C3EFCF003BE22A /* RMInGameIPadViewController.h */ = {isa = PBXFileReference; fileEncoding = 4; lastKnownFileType = sourcecode.c.h; name = RMInGameIPadViewController.h; path = view/RMInGameIPadViewController.h; sourceTree = "<group>"; };
		415149DE16C3EFCF003BE22A /* RMInGameIPadViewController.m */ = {isa = PBXFileReference; fileEncoding = 4; lastKnownFileType = sourcecode.c.objc; name = RMInGameIPadViewController.m; path = view/RMInGameIPadViewController.m; sourceTree = "<group>"; };
		415149E016C3F18F003BE22A /* photo_holder_ipad.png */ = {isa = PBXFileReference; lastKnownFileType = image.png; path = photo_holder_ipad.png; sourceTree = "<group>"; };
		415149E116C3F18F003BE22A /* photo_holder_ipad@2x.png */ = {isa = PBXFileReference; lastKnownFileType = image.png; path = "photo_holder_ipad@2x.png"; sourceTree = "<group>"; };
		415149E416C3F23B003BE22A /* game_bg_ipad.jpg */ = {isa = PBXFileReference; lastKnownFileType = image.jpeg; path = game_bg_ipad.jpg; sourceTree = "<group>"; };
		415149E516C3F23B003BE22A /* game_bg_ipad@2x.jpg */ = {isa = PBXFileReference; lastKnownFileType = image.jpeg; path = "game_bg_ipad@2x.jpg"; sourceTree = "<group>"; };
		415149E816C3F257003BE22A /* timer_holder_ipad.png */ = {isa = PBXFileReference; lastKnownFileType = image.png; path = timer_holder_ipad.png; sourceTree = "<group>"; };
		415149E916C3F257003BE22A /* timer_holder_ipad@2x.png */ = {isa = PBXFileReference; lastKnownFileType = image.png; path = "timer_holder_ipad@2x.png"; sourceTree = "<group>"; };
		41B94CC416C2E59500B7C70A /* RMGallerySelectionIPadViewController.h */ = {isa = PBXFileReference; fileEncoding = 4; lastKnownFileType = sourcecode.c.h; name = RMGallerySelectionIPadViewController.h; path = view/RMGallerySelectionIPadViewController.h; sourceTree = "<group>"; };
		41B94CC516C2E59500B7C70A /* RMGallerySelectionIPadViewController.m */ = {isa = PBXFileReference; fileEncoding = 4; lastKnownFileType = sourcecode.c.objc; name = RMGallerySelectionIPadViewController.m; path = view/RMGallerySelectionIPadViewController.m; sourceTree = "<group>"; };
		41B94CC716C2E6A000B7C70A /* RMPhotoSelectionIPadViewController.h */ = {isa = PBXFileReference; fileEncoding = 4; lastKnownFileType = sourcecode.c.h; name = RMPhotoSelectionIPadViewController.h; path = view/RMPhotoSelectionIPadViewController.h; sourceTree = "<group>"; };
		41B94CC816C2E6A000B7C70A /* RMPhotoSelectionIPadViewController.m */ = {isa = PBXFileReference; fileEncoding = 4; lastKnownFileType = sourcecode.c.objc; name = RMPhotoSelectionIPadViewController.m; path = view/RMPhotoSelectionIPadViewController.m; sourceTree = "<group>"; };
		AE09C30416C23FBC00F634CB /* RMGallerySelectionViewController.h */ = {isa = PBXFileReference; fileEncoding = 4; lastKnownFileType = sourcecode.c.h; name = RMGallerySelectionViewController.h; path = view/RMGallerySelectionViewController.h; sourceTree = "<group>"; };
		AE09C30516C23FBC00F634CB /* RMGallerySelectionViewController.m */ = {isa = PBXFileReference; fileEncoding = 4; lastKnownFileType = sourcecode.c.objc; name = RMGallerySelectionViewController.m; path = view/RMGallerySelectionViewController.m; sourceTree = "<group>"; };
		AE09C30916C24AA100F634CB /* test1.jpg */ = {isa = PBXFileReference; lastKnownFileType = image.jpeg; path = test1.jpg; sourceTree = "<group>"; };
		AE09C30A16C24AA100F634CB /* test10.jpg */ = {isa = PBXFileReference; lastKnownFileType = image.jpeg; path = test10.jpg; sourceTree = "<group>"; };
		AE09C30B16C24AA100F634CB /* test11.jpg */ = {isa = PBXFileReference; lastKnownFileType = image.jpeg; path = test11.jpg; sourceTree = "<group>"; };
		AE09C30C16C24AA100F634CB /* test12.jpg */ = {isa = PBXFileReference; lastKnownFileType = image.jpeg; path = test12.jpg; sourceTree = "<group>"; };
		AE09C30D16C24AA100F634CB /* test13.jpg */ = {isa = PBXFileReference; lastKnownFileType = image.jpeg; path = test13.jpg; sourceTree = "<group>"; };
		AE09C30E16C24AA100F634CB /* test14.jpg */ = {isa = PBXFileReference; lastKnownFileType = image.jpeg; path = test14.jpg; sourceTree = "<group>"; };
		AE09C30F16C24AA100F634CB /* test2.jpg */ = {isa = PBXFileReference; lastKnownFileType = image.jpeg; path = test2.jpg; sourceTree = "<group>"; };
		AE09C31016C24AA100F634CB /* test3.jpg */ = {isa = PBXFileReference; lastKnownFileType = image.jpeg; path = test3.jpg; sourceTree = "<group>"; };
		AE09C31116C24AA100F634CB /* test4.jpg */ = {isa = PBXFileReference; lastKnownFileType = image.jpeg; path = test4.jpg; sourceTree = "<group>"; };
		AE09C31216C24AA100F634CB /* test6.jpg */ = {isa = PBXFileReference; lastKnownFileType = image.jpeg; path = test6.jpg; sourceTree = "<group>"; };
		AE09C31316C24AA100F634CB /* test7.jpg */ = {isa = PBXFileReference; lastKnownFileType = image.jpeg; path = test7.jpg; sourceTree = "<group>"; };
		AE09C31416C24AA100F634CB /* test8.jpg */ = {isa = PBXFileReference; lastKnownFileType = image.jpeg; path = test8.jpg; sourceTree = "<group>"; };
		AE09C31616C24AA100F634CB /* photo_gradient.png */ = {isa = PBXFileReference; lastKnownFileType = image.png; path = photo_gradient.png; sourceTree = "<group>"; };
		AE09C31716C24AA100F634CB /* photo_gradient@2x.png */ = {isa = PBXFileReference; lastKnownFileType = image.png; path = "photo_gradient@2x.png"; sourceTree = "<group>"; };
		AE09C31816C24AA100F634CB /* selection_bg-568h@2x.png */ = {isa = PBXFileReference; lastKnownFileType = image.png; path = "selection_bg-568h@2x.png"; sourceTree = "<group>"; };
		AE09C31916C24AA100F634CB /* selection_bg.png */ = {isa = PBXFileReference; lastKnownFileType = image.png; path = selection_bg.png; sourceTree = "<group>"; };
		AE09C31A16C24AA100F634CB /* selection_bg@2x.png */ = {isa = PBXFileReference; lastKnownFileType = image.png; path = "selection_bg@2x.png"; sourceTree = "<group>"; };
		AE09C32C16C261B100F634CB /* back_button.png */ = {isa = PBXFileReference; lastKnownFileType = image.png; path = back_button.png; sourceTree = "<group>"; };
		AE09C32D16C261B100F634CB /* back_button@2x.png */ = {isa = PBXFileReference; lastKnownFileType = image.png; path = "back_button@2x.png"; sourceTree = "<group>"; };
		AE09C33216C284A400F634CB /* TR McLean  Bold.ttf */ = {isa = PBXFileReference; lastKnownFileType = file; name = "TR McLean  Bold.ttf"; path = "resources/TR McLean  Bold.ttf"; sourceTree = "<group>"; };
		AE09C33316C284A400F634CB /* TR McLean.ttf */ = {isa = PBXFileReference; lastKnownFileType = file; name = "TR McLean.ttf"; path = "resources/TR McLean.ttf"; sourceTree = "<group>"; };
		AE2BE2AB16C3A07200A0335D /* PhotoManagedObject.h */ = {isa = PBXFileReference; fileEncoding = 4; lastKnownFileType = sourcecode.c.h; name = PhotoManagedObject.h; path = model/PhotoManagedObject.h; sourceTree = "<group>"; };
		AE2BE2AC16C3A07200A0335D /* PhotoManagedObject.m */ = {isa = PBXFileReference; fileEncoding = 4; lastKnownFileType = sourcecode.c.objc; name = PhotoManagedObject.m; path = model/PhotoManagedObject.m; sourceTree = "<group>"; };
		AE2BE2C016C3D18700A0335D /* photo_grid_normal.png */ = {isa = PBXFileReference; lastKnownFileType = image.png; path = photo_grid_normal.png; sourceTree = "<group>"; };
		AE2BE2C116C3D18700A0335D /* photo_grid_normal@2x.png */ = {isa = PBXFileReference; lastKnownFileType = image.png; path = "photo_grid_normal@2x.png"; sourceTree = "<group>"; };
		AE2BE2C216C3D18700A0335D /* photo_holder_normal.png */ = {isa = PBXFileReference; lastKnownFileType = image.png; path = photo_holder_normal.png; sourceTree = "<group>"; };
		AE2BE2C316C3D18700A0335D /* photo_holder_normal@2x.png */ = {isa = PBXFileReference; lastKnownFileType = image.png; path = "photo_holder_normal@2x.png"; sourceTree = "<group>"; };
		AE2BE2C816C3ED4600A0335D /* RMPhotoSelectionImageView.h */ = {isa = PBXFileReference; fileEncoding = 4; lastKnownFileType = sourcecode.c.h; name = RMPhotoSelectionImageView.h; path = view/RMPhotoSelectionImageView.h; sourceTree = "<group>"; };
		AE2BE2C916C3ED4600A0335D /* RMPhotoSelectionImageView.m */ = {isa = PBXFileReference; fileEncoding = 4; lastKnownFileType = sourcecode.c.objc; name = RMPhotoSelectionImageView.m; path = view/RMPhotoSelectionImageView.m; sourceTree = "<group>"; };
		AE72DBB916BBAABA00C12D6C /* RMPhotoSelectionViewController.h */ = {isa = PBXFileReference; fileEncoding = 4; lastKnownFileType = sourcecode.c.h; path = RMPhotoSelectionViewController.h; sourceTree = "<group>"; };
		AE72DBBA16BBAABA00C12D6C /* RMPhotoSelectionViewController.m */ = {isa = PBXFileReference; fileEncoding = 4; lastKnownFileType = sourcecode.c.objc; path = RMPhotoSelectionViewController.m; sourceTree = "<group>"; };
		AE72DBBE16BBB13D00C12D6C /* RMCustomImageView.h */ = {isa = PBXFileReference; fileEncoding = 4; lastKnownFileType = sourcecode.c.h; name = RMCustomImageView.h; path = view/RMCustomImageView.h; sourceTree = "<group>"; };
		AE72DBBF16BBB13D00C12D6C /* RMCustomImageView.m */ = {isa = PBXFileReference; fileEncoding = 4; lastKnownFileType = sourcecode.c.objc; name = RMCustomImageView.m; path = view/RMCustomImageView.m; sourceTree = "<group>"; };
		AE72DBC516BBB5BE00C12D6C /* QuartzCore.framework */ = {isa = PBXFileReference; lastKnownFileType = wrapper.framework; name = QuartzCore.framework; path = System/Library/Frameworks/QuartzCore.framework; sourceTree = SDKROOT; };
		AE72DBCB16BBE4CC00C12D6C /* photo_double_grid.png */ = {isa = PBXFileReference; lastKnownFileType = image.png; path = photo_double_grid.png; sourceTree = "<group>"; };
		AE72DBCC16BBE4CC00C12D6C /* photo_double_grid@2x.png */ = {isa = PBXFileReference; lastKnownFileType = image.png; path = "photo_double_grid@2x.png"; sourceTree = "<group>"; };
		AE7CBED116BFE3DE001BAF3D /* RMBundleInitializer.h */ = {isa = PBXFileReference; fileEncoding = 4; lastKnownFileType = sourcecode.c.h; name = RMBundleInitializer.h; path = common/RMBundleInitializer.h; sourceTree = "<group>"; };
		AE7CBED216BFE3DE001BAF3D /* RMBundleInitializer.m */ = {isa = PBXFileReference; fileEncoding = 4; lastKnownFileType = sourcecode.c.objc; name = RMBundleInitializer.m; path = common/RMBundleInitializer.m; sourceTree = "<group>"; };
		AE7CBED516BFE779001BAF3D /* Config.h */ = {isa = PBXFileReference; lastKnownFileType = sourcecode.c.h; name = Config.h; path = common/Config.h; sourceTree = "<group>"; };
		AE7CBED716BFF833001BAF3D /* RMDatabaseManager.h */ = {isa = PBXFileReference; fileEncoding = 4; lastKnownFileType = sourcecode.c.h; name = RMDatabaseManager.h; path = manager/RMDatabaseManager.h; sourceTree = "<group>"; };
		AE7CBED816BFF833001BAF3D /* RMDatabaseManager.m */ = {isa = PBXFileReference; fileEncoding = 4; lastKnownFileType = sourcecode.c.objc; name = RMDatabaseManager.m; path = manager/RMDatabaseManager.m; sourceTree = "<group>"; };
		AE7CBEDD16C003E7001BAF3D /* en */ = {isa = PBXFileReference; lastKnownFileType = text.plist.strings; name = en; path = en.lproj/Localizable.strings; sourceTree = "<group>"; };
		AE7CBEDF16C00400001BAF3D /* tr */ = {isa = PBXFileReference; lastKnownFileType = text.plist.strings; name = tr; path = tr.lproj/Localizable.strings; sourceTree = "<group>"; };
		AE7CBEE016C00742001BAF3D /* Score.h */ = {isa = PBXFileReference; fileEncoding = 4; lastKnownFileType = sourcecode.c.h; name = Score.h; path = model/Score.h; sourceTree = "<group>"; };
		AE7CBEE116C00742001BAF3D /* Score.m */ = {isa = PBXFileReference; fileEncoding = 4; lastKnownFileType = sourcecode.c.objc; name = Score.m; path = model/Score.m; sourceTree = "<group>"; };
		AE7CBEE316C00AF3001BAF3D /* TypeDefs.m */ = {isa = PBXFileReference; fileEncoding = 4; lastKnownFileType = sourcecode.c.objc; name = TypeDefs.m; path = common/TypeDefs.m; sourceTree = "<group>"; };
		AED218BC16BA934000271930 /* RotateMe.app */ = {isa = PBXFileReference; explicitFileType = wrapper.application; includeInIndex = 0; path = RotateMe.app; sourceTree = BUILT_PRODUCTS_DIR; };
		AED218C016BA934000271930 /* UIKit.framework */ = {isa = PBXFileReference; lastKnownFileType = wrapper.framework; name = UIKit.framework; path = System/Library/Frameworks/UIKit.framework; sourceTree = SDKROOT; };
		AED218C216BA934000271930 /* Foundation.framework */ = {isa = PBXFileReference; lastKnownFileType = wrapper.framework; name = Foundation.framework; path = System/Library/Frameworks/Foundation.framework; sourceTree = SDKROOT; };
		AED218C416BA934000271930 /* CoreGraphics.framework */ = {isa = PBXFileReference; lastKnownFileType = wrapper.framework; name = CoreGraphics.framework; path = System/Library/Frameworks/CoreGraphics.framework; sourceTree = SDKROOT; };
		AED218C816BA934000271930 /* RotateMe-Info.plist */ = {isa = PBXFileReference; lastKnownFileType = text.plist.xml; path = "RotateMe-Info.plist"; sourceTree = "<group>"; };
		AED218CA16BA934000271930 /* en */ = {isa = PBXFileReference; lastKnownFileType = text.plist.strings; name = en; path = en.lproj/InfoPlist.strings; sourceTree = "<group>"; };
		AED218CC16BA934000271930 /* main.m */ = {isa = PBXFileReference; lastKnownFileType = sourcecode.c.objc; path = main.m; sourceTree = "<group>"; };
		AED218CE16BA934000271930 /* RotateMe-Prefix.pch */ = {isa = PBXFileReference; lastKnownFileType = sourcecode.c.h; path = "RotateMe-Prefix.pch"; sourceTree = "<group>"; };
		AED218CF16BA934000271930 /* RMAppDelegate.h */ = {isa = PBXFileReference; lastKnownFileType = sourcecode.c.h; path = RMAppDelegate.h; sourceTree = "<group>"; };
		AED218D016BA934000271930 /* RMAppDelegate.m */ = {isa = PBXFileReference; lastKnownFileType = sourcecode.c.objc; path = RMAppDelegate.m; sourceTree = "<group>"; };
		AED218D216BA934000271930 /* Default.png */ = {isa = PBXFileReference; lastKnownFileType = image.png; path = Default.png; sourceTree = "<group>"; };
		AED218D416BA934000271930 /* Default@2x.png */ = {isa = PBXFileReference; lastKnownFileType = image.png; path = "Default@2x.png"; sourceTree = "<group>"; };
		AED218D616BA934000271930 /* Default-568h@2x.png */ = {isa = PBXFileReference; lastKnownFileType = image.png; path = "Default-568h@2x.png"; sourceTree = "<group>"; };
		AED218D916BA934000271930 /* en */ = {isa = PBXFileReference; lastKnownFileType = file.storyboard; name = en; path = en.lproj/MainStoryboard_iPhone.storyboard; sourceTree = "<group>"; };
		AED218DC16BA934000271930 /* en */ = {isa = PBXFileReference; lastKnownFileType = file.storyboard; name = en; path = en.lproj/MainStoryboard_iPad.storyboard; sourceTree = "<group>"; };
		AED218E716BA9D8500271930 /* RMInGameViewController.h */ = {isa = PBXFileReference; fileEncoding = 4; lastKnownFileType = sourcecode.c.h; name = RMInGameViewController.h; path = view/RMInGameViewController.h; sourceTree = "<group>"; };
		AED218E816BA9D8500271930 /* RMInGameViewController.m */ = {isa = PBXFileReference; fileEncoding = 4; lastKnownFileType = sourcecode.c.objc; name = RMInGameViewController.m; path = view/RMInGameViewController.m; sourceTree = "<group>"; };
		AED218EC16BA9E0900271930 /* game_bg-568h@2x.jpg */ = {isa = PBXFileReference; lastKnownFileType = image.jpeg; path = "game_bg-568h@2x.jpg"; sourceTree = "<group>"; };
		AED218ED16BA9E0900271930 /* game_bg.jpg */ = {isa = PBXFileReference; lastKnownFileType = image.jpeg; path = game_bg.jpg; sourceTree = "<group>"; };
		AED218EE16BA9E0900271930 /* game_bg@2x.jpg */ = {isa = PBXFileReference; lastKnownFileType = image.jpeg; path = "game_bg@2x.jpg"; sourceTree = "<group>"; };
		AED218EF16BA9E0900271930 /* help_btn.png */ = {isa = PBXFileReference; lastKnownFileType = image.png; path = help_btn.png; sourceTree = "<group>"; };
		AED218F016BA9E0900271930 /* help_btn@2x.png */ = {isa = PBXFileReference; lastKnownFileType = image.png; path = "help_btn@2x.png"; sourceTree = "<group>"; };
		AED218F116BA9E0900271930 /* help_btn_hover.png */ = {isa = PBXFileReference; lastKnownFileType = image.png; path = help_btn_hover.png; sourceTree = "<group>"; };
		AED218F216BA9E0900271930 /* help_btn_hover@2x.png */ = {isa = PBXFileReference; lastKnownFileType = image.png; path = "help_btn_hover@2x.png"; sourceTree = "<group>"; };
		AED218F316BA9E0900271930 /* menu_btn.png */ = {isa = PBXFileReference; lastKnownFileType = image.png; path = menu_btn.png; sourceTree = "<group>"; };
		AED218F416BA9E0900271930 /* menu_btn@2x.png */ = {isa = PBXFileReference; lastKnownFileType = image.png; path = "menu_btn@2x.png"; sourceTree = "<group>"; };
		AED218F516BA9E0900271930 /* menu_btn_hover.png */ = {isa = PBXFileReference; lastKnownFileType = image.png; path = menu_btn_hover.png; sourceTree = "<group>"; };
		AED218F616BA9E0900271930 /* menu_btn_hover@2x.png */ = {isa = PBXFileReference; lastKnownFileType = image.png; path = "menu_btn_hover@2x.png"; sourceTree = "<group>"; };
		AED218F716BA9E0900271930 /* photo_holder.png */ = {isa = PBXFileReference; lastKnownFileType = image.png; path = photo_holder.png; sourceTree = "<group>"; };
		AED218F816BA9E0900271930 /* photo_holder@2x.png */ = {isa = PBXFileReference; lastKnownFileType = image.png; path = "photo_holder@2x.png"; sourceTree = "<group>"; };
		AED218F916BA9E0900271930 /* timer_holder.png */ = {isa = PBXFileReference; lastKnownFileType = image.png; path = timer_holder.png; sourceTree = "<group>"; };
		AED218FA16BA9E0900271930 /* timer_holder@2x.png */ = {isa = PBXFileReference; lastKnownFileType = image.png; path = "timer_holder@2x.png"; sourceTree = "<group>"; };
		AED2190C16BAAC9F00271930 /* photo_grid.png */ = {isa = PBXFileReference; lastKnownFileType = image.png; path = photo_grid.png; sourceTree = "<group>"; };
		AED2190D16BAAC9F00271930 /* photo_grid@2x.png */ = {isa = PBXFileReference; lastKnownFileType = image.png; path = "photo_grid@2x.png"; sourceTree = "<group>"; };
		AED932BA16BF9DAD00DD9D30 /* RMStopWatch.h */ = {isa = PBXFileReference; fileEncoding = 4; lastKnownFileType = sourcecode.c.h; name = RMStopWatch.h; path = common/RMStopWatch.h; sourceTree = "<group>"; };
		AED932BB16BF9DAD00DD9D30 /* RMStopWatch.m */ = {isa = PBXFileReference; fileEncoding = 4; lastKnownFileType = sourcecode.c.objc; name = RMStopWatch.m; path = common/RMStopWatch.m; sourceTree = "<group>"; };
		AED932BD16BFA82D00DD9D30 /* TypeDefs.h */ = {isa = PBXFileReference; lastKnownFileType = sourcecode.c.h; name = TypeDefs.h; path = common/TypeDefs.h; sourceTree = "<group>"; };
		AED932BE16BFAD0400DD9D30 /* CoreData.framework */ = {isa = PBXFileReference; lastKnownFileType = wrapper.framework; name = CoreData.framework; path = System/Library/Frameworks/CoreData.framework; sourceTree = SDKROOT; };
		AED932C116BFAD3400DD9D30 /* Model.xcdatamodel */ = {isa = PBXFileReference; lastKnownFileType = wrapper.xcdatamodel; path = Model.xcdatamodel; sourceTree = "<group>"; };
		AED932CD16BFAE1300DD9D30 /* Photo.h */ = {isa = PBXFileReference; fileEncoding = 4; lastKnownFileType = sourcecode.c.h; name = Photo.h; path = model/Photo.h; sourceTree = "<group>"; };
		AED932CE16BFAE1300DD9D30 /* Photo.m */ = {isa = PBXFileReference; fileEncoding = 4; lastKnownFileType = sourcecode.c.objc; name = Photo.m; path = model/Photo.m; sourceTree = "<group>"; };
		AED932D016BFAFD000DD9D30 /* Gallery.h */ = {isa = PBXFileReference; fileEncoding = 4; lastKnownFileType = sourcecode.c.h; name = Gallery.h; path = model/Gallery.h; sourceTree = "<group>"; };
		AED932D116BFAFD000DD9D30 /* Gallery.m */ = {isa = PBXFileReference; fileEncoding = 4; lastKnownFileType = sourcecode.c.objc; name = Gallery.m; path = model/Gallery.m; sourceTree = "<group>"; };
		AED932D316BFB3B700DD9D30 /* RMCroppedImageView.h */ = {isa = PBXFileReference; fileEncoding = 4; lastKnownFileType = sourcecode.c.h; name = RMCroppedImageView.h; path = view/RMCroppedImageView.h; sourceTree = "<group>"; };
		AED932D416BFB3B800DD9D30 /* RMCroppedImageView.m */ = {isa = PBXFileReference; fileEncoding = 4; lastKnownFileType = sourcecode.c.objc; name = RMCroppedImageView.m; path = view/RMCroppedImageView.m; sourceTree = "<group>"; };
		AEDFA2BF16C0F9D800BB440C /* RMImage.h */ = {isa = PBXFileReference; fileEncoding = 4; lastKnownFileType = sourcecode.c.h; name = RMImage.h; path = view/RMImage.h; sourceTree = "<group>"; };
		AEDFA2C016C0F9D800BB440C /* RMImage.m */ = {isa = PBXFileReference; fileEncoding = 4; lastKnownFileType = sourcecode.c.objc; name = RMImage.m; path = view/RMImage.m; sourceTree = "<group>"; };
		AEDFA2C416C133FA00BB440C /* UIView+Util.h */ = {isa = PBXFileReference; fileEncoding = 4; lastKnownFileType = sourcecode.c.h; name = "UIView+Util.h"; path = "view/UIView+Util.h"; sourceTree = "<group>"; };
		AEDFA2C516C133FA00BB440C /* UIView+Util.m */ = {isa = PBXFileReference; fileEncoding = 4; lastKnownFileType = sourcecode.c.objc; name = "UIView+Util.m"; path = "view/UIView+Util.m"; sourceTree = "<group>"; };
		AEED52F116C4F89D003F4CCD /* Icon-72.png */ = {isa = PBXFileReference; lastKnownFileType = image.png; name = "Icon-72.png"; path = "../Icon-72.png"; sourceTree = "<group>"; };
		AEED52F216C4F89D003F4CCD /* Icon-72@2x.png */ = {isa = PBXFileReference; lastKnownFileType = image.png; name = "Icon-72@2x.png"; path = "../Icon-72@2x.png"; sourceTree = "<group>"; };
		AEED52F316C4F89D003F4CCD /* Icon-Small-50.png */ = {isa = PBXFileReference; lastKnownFileType = image.png; name = "Icon-Small-50.png"; path = "../Icon-Small-50.png"; sourceTree = "<group>"; };
		AEED52F416C4F89D003F4CCD /* Icon-Small-50@2x.png */ = {isa = PBXFileReference; lastKnownFileType = image.png; name = "Icon-Small-50@2x.png"; path = "../Icon-Small-50@2x.png"; sourceTree = "<group>"; };
		AEED52F516C4F89D003F4CCD /* Icon-Small.png */ = {isa = PBXFileReference; lastKnownFileType = image.png; name = "Icon-Small.png"; path = "../Icon-Small.png"; sourceTree = "<group>"; };
		AEED52F616C4F89D003F4CCD /* Icon-Small@2x.png */ = {isa = PBXFileReference; lastKnownFileType = image.png; name = "Icon-Small@2x.png"; path = "../Icon-Small@2x.png"; sourceTree = "<group>"; };
		AEED52F716C4F89D003F4CCD /* Icon.png */ = {isa = PBXFileReference; lastKnownFileType = image.png; name = Icon.png; path = ../Icon.png; sourceTree = "<group>"; };
		AEED52F816C4F89D003F4CCD /* Icon@2x.png */ = {isa = PBXFileReference; lastKnownFileType = image.png; name = "Icon@2x.png"; path = "../Icon@2x.png"; sourceTree = "<group>"; };
		AEFF1B8016C4E6E400922A25 /* GameCenterManager.h */ = {isa = PBXFileReference; fileEncoding = 4; lastKnownFileType = sourcecode.c.h; name = GameCenterManager.h; path = manager/GameCenterManager.h; sourceTree = "<group>"; };
		AEFF1B8116C4E6E400922A25 /* GameCenterManager.m */ = {isa = PBXFileReference; fileEncoding = 4; lastKnownFileType = sourcecode.c.objc; name = GameCenterManager.m; path = manager/GameCenterManager.m; sourceTree = "<group>"; };
		AEFF1B8416C4E7FC00922A25 /* GameKit.framework */ = {isa = PBXFileReference; lastKnownFileType = wrapper.framework; name = GameKit.framework; path = System/Library/Frameworks/GameKit.framework; sourceTree = SDKROOT; };
/* End PBXFileReference section */

/* Begin PBXFrameworksBuildPhase section */
		AED218B916BA934000271930 /* Frameworks */ = {
			isa = PBXFrameworksBuildPhase;
			buildActionMask = 2147483647;
			files = (
				AEFF1B8516C4E7FC00922A25 /* GameKit.framework in Frameworks */,
				AED932BF16BFAD0400DD9D30 /* CoreData.framework in Frameworks */,
				AE72DBC616BBB5BE00C12D6C /* QuartzCore.framework in Frameworks */,
				AED218C116BA934000271930 /* UIKit.framework in Frameworks */,
				AED218C316BA934000271930 /* Foundation.framework in Frameworks */,
				AED218C516BA934000271930 /* CoreGraphics.framework in Frameworks */,
			);
			runOnlyForDeploymentPostprocessing = 0;
		};
/* End PBXFrameworksBuildPhase section */

/* Begin PBXGroup section */
		41B94CC316C2E55A00B7C70A /* iPad View Controllers */ = {
			isa = PBXGroup;
			children = (
				41B94CC416C2E59500B7C70A /* RMGallerySelectionIPadViewController.h */,
				41B94CC516C2E59500B7C70A /* RMGallerySelectionIPadViewController.m */,
				41B94CC716C2E6A000B7C70A /* RMPhotoSelectionIPadViewController.h */,
				41B94CC816C2E6A000B7C70A /* RMPhotoSelectionIPadViewController.m */,
				415149DD16C3EFCF003BE22A /* RMInGameIPadViewController.h */,
				415149DE16C3EFCF003BE22A /* RMInGameIPadViewController.m */,
			);
			name = "iPad View Controllers";
			sourceTree = "<group>";
		};
		AE09C30816C24AA100F634CB /* gallery */ = {
			isa = PBXGroup;
			children = (
				AE09C30916C24AA100F634CB /* test1.jpg */,
				AE09C30A16C24AA100F634CB /* test10.jpg */,
				AE09C30B16C24AA100F634CB /* test11.jpg */,
				AE09C30C16C24AA100F634CB /* test12.jpg */,
				AE09C30D16C24AA100F634CB /* test13.jpg */,
				AE09C30E16C24AA100F634CB /* test14.jpg */,
				AE09C30F16C24AA100F634CB /* test2.jpg */,
				AE09C31016C24AA100F634CB /* test3.jpg */,
				AE09C31116C24AA100F634CB /* test4.jpg */,
				AE09C31216C24AA100F634CB /* test6.jpg */,
				AE09C31316C24AA100F634CB /* test7.jpg */,
				AE09C31416C24AA100F634CB /* test8.jpg */,
			);
			name = gallery;
			path = images/gallery;
			sourceTree = "<group>";
		};
		AE09C31516C24AA100F634CB /* photoselection */ = {
			isa = PBXGroup;
			children = (
				AE09C32C16C261B100F634CB /* back_button.png */,
				AE09C32D16C261B100F634CB /* back_button@2x.png */,
				AE09C31616C24AA100F634CB /* photo_gradient.png */,
				AE09C31716C24AA100F634CB /* photo_gradient@2x.png */,
				AE09C31816C24AA100F634CB /* selection_bg-568h@2x.png */,
				AE09C31916C24AA100F634CB /* selection_bg.png */,
				AE09C31A16C24AA100F634CB /* selection_bg@2x.png */,
			);
			name = photoselection;
			path = images/photoselection;
			sourceTree = "<group>";
		};
		AE2BE2A316C39FD900A0335D /* Database Model Objects */ = {
			isa = PBXGroup;
			children = (
				AE2BE2AB16C3A07200A0335D /* PhotoManagedObject.h */,
				AE2BE2AC16C3A07200A0335D /* PhotoManagedObject.m */,
			);
			name = "Database Model Objects";
			sourceTree = "<group>";
		};
		AE72DBBD16BBB0FA00C12D6C /* SpecialViews */ = {
			isa = PBXGroup;
			children = (
				AE72DBBE16BBB13D00C12D6C /* RMCustomImageView.h */,
				AE72DBBF16BBB13D00C12D6C /* RMCustomImageView.m */,
				AED932D316BFB3B700DD9D30 /* RMCroppedImageView.h */,
				AED932D416BFB3B800DD9D30 /* RMCroppedImageView.m */,
				AEDFA2BF16C0F9D800BB440C /* RMImage.h */,
				AEDFA2C016C0F9D800BB440C /* RMImage.m */,
				AE2BE2C816C3ED4600A0335D /* RMPhotoSelectionImageView.h */,
				AE2BE2C916C3ED4600A0335D /* RMPhotoSelectionImageView.m */,
			);
			name = SpecialViews;
			sourceTree = "<group>";
		};
		AE7CBED616BFF80E001BAF3D /* Manager */ = {
			isa = PBXGroup;
			children = (
				AE7CBED716BFF833001BAF3D /* RMDatabaseManager.h */,
				AE7CBED816BFF833001BAF3D /* RMDatabaseManager.m */,
				AEFF1B8016C4E6E400922A25 /* GameCenterManager.h */,
				AEFF1B8116C4E6E400922A25 /* GameCenterManager.m */,
			);
			name = Manager;
			sourceTree = "<group>";
		};
		AED218B116BA934000271930 = {
			isa = PBXGroup;
			children = (
				AEED52F116C4F89D003F4CCD /* Icon-72.png */,
				AEED52F216C4F89D003F4CCD /* Icon-72@2x.png */,
				AEED52F316C4F89D003F4CCD /* Icon-Small-50.png */,
				AEED52F416C4F89D003F4CCD /* Icon-Small-50@2x.png */,
				AEED52F516C4F89D003F4CCD /* Icon-Small.png */,
				AEED52F616C4F89D003F4CCD /* Icon-Small@2x.png */,
				AEED52F716C4F89D003F4CCD /* Icon.png */,
				AEED52F816C4F89D003F4CCD /* Icon@2x.png */,
				AED932C016BFAD3400DD9D30 /* Model.xcdatamodeld */,
				AED218C616BA934000271930 /* RotateMe */,
				AED218BF16BA934000271930 /* Frameworks */,
				AED218BD16BA934000271930 /* Products */,
			);
			sourceTree = "<group>";
		};
		AED218BD16BA934000271930 /* Products */ = {
			isa = PBXGroup;
			children = (
				AED218BC16BA934000271930 /* RotateMe.app */,
			);
			name = Products;
			sourceTree = "<group>";
		};
		AED218BF16BA934000271930 /* Frameworks */ = {
			isa = PBXGroup;
			children = (
				AEFF1B8416C4E7FC00922A25 /* GameKit.framework */,
				AED932BE16BFAD0400DD9D30 /* CoreData.framework */,
				AE72DBC516BBB5BE00C12D6C /* QuartzCore.framework */,
				AED218C016BA934000271930 /* UIKit.framework */,
				AED218C216BA934000271930 /* Foundation.framework */,
				AED218C416BA934000271930 /* CoreGraphics.framework */,
			);
			name = Frameworks;
			sourceTree = "<group>";
		};
		AED218C616BA934000271930 /* RotateMe */ = {
			isa = PBXGroup;
			children = (
				AE7CBED616BFF80E001BAF3D /* Manager */,
				AED932C316BFAD4B00DD9D30 /* Model */,
				AED932B916BF9D8700DD9D30 /* Common */,
				AED218EA16BA9DFD00271930 /* Images */,
				AED218DB16BA934000271930 /* MainStoryboard_iPad.storyboard */,
				AED218D816BA934000271930 /* MainStoryboard_iPhone.storyboard */,
				AED218CF16BA934000271930 /* RMAppDelegate.h */,
				AED218D016BA934000271930 /* RMAppDelegate.m */,
				AED218E616BA9CDB00271930 /* View */,
				41B94CC316C2E55A00B7C70A /* iPad View Controllers */,
				AED218C716BA934000271930 /* Supporting Files */,
			);
			path = RotateMe;
			sourceTree = "<group>";
		};
		AED218C716BA934000271930 /* Supporting Files */ = {
			isa = PBXGroup;
			children = (
				AE09C33216C284A400F634CB /* TR McLean  Bold.ttf */,
				AE09C33316C284A400F634CB /* TR McLean.ttf */,
				AED218C816BA934000271930 /* RotateMe-Info.plist */,
				AED218C916BA934000271930 /* InfoPlist.strings */,
				AED218CC16BA934000271930 /* main.m */,
				AED218CE16BA934000271930 /* RotateMe-Prefix.pch */,
				AED218D216BA934000271930 /* Default.png */,
				AED218D416BA934000271930 /* Default@2x.png */,
				AED218D616BA934000271930 /* Default-568h@2x.png */,
				AE7CBEDE16C003E7001BAF3D /* Localizable.strings */,
			);
			name = "Supporting Files";
			sourceTree = "<group>";
		};
		AED218E616BA9CDB00271930 /* View */ = {
			isa = PBXGroup;
			children = (
				AEDFA2C316C133DD00BB440C /* View Extensions */,
				AE72DBBD16BBB0FA00C12D6C /* SpecialViews */,
				AED218E716BA9D8500271930 /* RMInGameViewController.h */,
				AED218E816BA9D8500271930 /* RMInGameViewController.m */,
				AE72DBB916BBAABA00C12D6C /* RMPhotoSelectionViewController.h */,
				AE72DBBA16BBAABA00C12D6C /* RMPhotoSelectionViewController.m */,
				AE09C30416C23FBC00F634CB /* RMGallerySelectionViewController.h */,
				AE09C30516C23FBC00F634CB /* RMGallerySelectionViewController.m */,
			);
			name = View;
			sourceTree = "<group>";
		};
		AED218EA16BA9DFD00271930 /* Images */ = {
			isa = PBXGroup;
			children = (
				AE09C30816C24AA100F634CB /* gallery */,
				AE09C31516C24AA100F634CB /* photoselection */,
				AED218EB16BA9E0900271930 /* gamescreen */,
			);
			name = Images;
			sourceTree = "<group>";
		};
		AED218EB16BA9E0900271930 /* gamescreen */ = {
			isa = PBXGroup;
			children = (
				AE2BE2C016C3D18700A0335D /* photo_grid_normal.png */,
				AE2BE2C116C3D18700A0335D /* photo_grid_normal@2x.png */,
				AE2BE2C216C3D18700A0335D /* photo_holder_normal.png */,
				AE2BE2C316C3D18700A0335D /* photo_holder_normal@2x.png */,
				AE72DBCB16BBE4CC00C12D6C /* photo_double_grid.png */,
				AE72DBCC16BBE4CC00C12D6C /* photo_double_grid@2x.png */,
				AED2190C16BAAC9F00271930 /* photo_grid.png */,
				AED2190D16BAAC9F00271930 /* photo_grid@2x.png */,
				AED218EC16BA9E0900271930 /* game_bg-568h@2x.jpg */,
				AED218ED16BA9E0900271930 /* game_bg.jpg */,
				AED218EE16BA9E0900271930 /* game_bg@2x.jpg */,
				415149E416C3F23B003BE22A /* game_bg_ipad.jpg */,
				415149E516C3F23B003BE22A /* game_bg_ipad@2x.jpg */,
				AED218EF16BA9E0900271930 /* help_btn.png */,
				AED218F016BA9E0900271930 /* help_btn@2x.png */,
				AED218F116BA9E0900271930 /* help_btn_hover.png */,
				AED218F216BA9E0900271930 /* help_btn_hover@2x.png */,
				AED218F316BA9E0900271930 /* menu_btn.png */,
				AED218F416BA9E0900271930 /* menu_btn@2x.png */,
				AED218F516BA9E0900271930 /* menu_btn_hover.png */,
				AED218F616BA9E0900271930 /* menu_btn_hover@2x.png */,
				AED218F716BA9E0900271930 /* photo_holder.png */,
				AED218F816BA9E0900271930 /* photo_holder@2x.png */,
				415149E016C3F18F003BE22A /* photo_holder_ipad.png */,
				415149E116C3F18F003BE22A /* photo_holder_ipad@2x.png */,
				AED218F916BA9E0900271930 /* timer_holder.png */,
				AED218FA16BA9E0900271930 /* timer_holder@2x.png */,
				415149E816C3F257003BE22A /* timer_holder_ipad.png */,
				415149E916C3F257003BE22A /* timer_holder_ipad@2x.png */,
			);
			name = gamescreen;
			path = images/gamescreen;
			sourceTree = "<group>";
		};
		AED932B916BF9D8700DD9D30 /* Common */ = {
			isa = PBXGroup;
			children = (
				AED932BA16BF9DAD00DD9D30 /* RMStopWatch.h */,
				AED932BB16BF9DAD00DD9D30 /* RMStopWatch.m */,
				AED932BD16BFA82D00DD9D30 /* TypeDefs.h */,
				AE7CBEE316C00AF3001BAF3D /* TypeDefs.m */,
				AE7CBED116BFE3DE001BAF3D /* RMBundleInitializer.h */,
				AE7CBED216BFE3DE001BAF3D /* RMBundleInitializer.m */,
				AE7CBED516BFE779001BAF3D /* Config.h */,
			);
			name = Common;
			sourceTree = "<group>";
		};
		AED932C316BFAD4B00DD9D30 /* Model */ = {
			isa = PBXGroup;
			children = (
				AE2BE2A316C39FD900A0335D /* Database Model Objects */,
				AED932CD16BFAE1300DD9D30 /* Photo.h */,
				AED932CE16BFAE1300DD9D30 /* Photo.m */,
				AED932D016BFAFD000DD9D30 /* Gallery.h */,
				AED932D116BFAFD000DD9D30 /* Gallery.m */,
				AE7CBEE016C00742001BAF3D /* Score.h */,
				AE7CBEE116C00742001BAF3D /* Score.m */,
			);
			name = Model;
			sourceTree = "<group>";
		};
		AEDFA2C316C133DD00BB440C /* View Extensions */ = {
			isa = PBXGroup;
			children = (
				AEDFA2C416C133FA00BB440C /* UIView+Util.h */,
				AEDFA2C516C133FA00BB440C /* UIView+Util.m */,
			);
			name = "View Extensions";
			sourceTree = "<group>";
		};
/* End PBXGroup section */

/* Begin PBXNativeTarget section */
		AED218BB16BA934000271930 /* RotateMe */ = {
			isa = PBXNativeTarget;
			buildConfigurationList = AED218E316BA934000271930 /* Build configuration list for PBXNativeTarget "RotateMe" */;
			buildPhases = (
				AED218B816BA934000271930 /* Sources */,
				AED218B916BA934000271930 /* Frameworks */,
				AED218BA16BA934000271930 /* Resources */,
			);
			buildRules = (
			);
			dependencies = (
			);
			name = RotateMe;
			productName = RotateMe;
			productReference = AED218BC16BA934000271930 /* RotateMe.app */;
			productType = "com.apple.product-type.application";
		};
/* End PBXNativeTarget section */

/* Begin PBXProject section */
		AED218B316BA934000271930 /* Project object */ = {
			isa = PBXProject;
			attributes = {
				CLASSPREFIX = RM;
				LastUpgradeCheck = 0450;
				ORGANIZATIONNAME = "Yunus Eren Guzel";
			};
			buildConfigurationList = AED218B616BA934000271930 /* Build configuration list for PBXProject "RotateMe" */;
			compatibilityVersion = "Xcode 3.2";
			developmentRegion = English;
			hasScannedForEncodings = 0;
			knownRegions = (
				en,
				tr,
			);
			mainGroup = AED218B116BA934000271930;
			productRefGroup = AED218BD16BA934000271930 /* Products */;
			projectDirPath = "";
			projectRoot = "";
			targets = (
				AED218BB16BA934000271930 /* RotateMe */,
			);
		};
/* End PBXProject section */

/* Begin PBXResourcesBuildPhase section */
		AED218BA16BA934000271930 /* Resources */ = {
			isa = PBXResourcesBuildPhase;
			buildActionMask = 2147483647;
			files = (
				AED218CB16BA934000271930 /* InfoPlist.strings in Resources */,
				AED218D316BA934000271930 /* Default.png in Resources */,
				AED218D516BA934000271930 /* Default@2x.png in Resources */,
				AED218D716BA934000271930 /* Default-568h@2x.png in Resources */,
				AED218DA16BA934000271930 /* MainStoryboard_iPhone.storyboard in Resources */,
				AED218DD16BA934000271930 /* MainStoryboard_iPad.storyboard in Resources */,
				AED218FB16BA9E0900271930 /* game_bg-568h@2x.jpg in Resources */,
				AED218FC16BA9E0900271930 /* game_bg.jpg in Resources */,
				AED218FD16BA9E0900271930 /* game_bg@2x.jpg in Resources */,
				AED218FE16BA9E0900271930 /* help_btn.png in Resources */,
				AED218FF16BA9E0900271930 /* help_btn@2x.png in Resources */,
				AED2190016BA9E0900271930 /* help_btn_hover.png in Resources */,
				AED2190116BA9E0900271930 /* help_btn_hover@2x.png in Resources */,
				AED2190216BA9E0900271930 /* menu_btn.png in Resources */,
				AED2190316BA9E0900271930 /* menu_btn@2x.png in Resources */,
				AED2190416BA9E0900271930 /* menu_btn_hover.png in Resources */,
				AED2190516BA9E0900271930 /* menu_btn_hover@2x.png in Resources */,
				AED2190616BA9E0900271930 /* photo_holder.png in Resources */,
				AED2190716BA9E0900271930 /* photo_holder@2x.png in Resources */,
				AED2190816BA9E0900271930 /* timer_holder.png in Resources */,
				AED2190916BA9E0900271930 /* timer_holder@2x.png in Resources */,
				AED2190E16BAAC9F00271930 /* photo_grid.png in Resources */,
				AED2190F16BAAC9F00271930 /* photo_grid@2x.png in Resources */,
				AE72DBCD16BBE4CC00C12D6C /* photo_double_grid.png in Resources */,
				AE72DBCE16BBE4CC00C12D6C /* photo_double_grid@2x.png in Resources */,
				AE7CBEDC16C003E7001BAF3D /* Localizable.strings in Resources */,
				AE09C31B16C24AA100F634CB /* test1.jpg in Resources */,
				AE09C31C16C24AA100F634CB /* test10.jpg in Resources */,
				AE09C31D16C24AA100F634CB /* test11.jpg in Resources */,
				AE09C31E16C24AA100F634CB /* test12.jpg in Resources */,
				AE09C31F16C24AA100F634CB /* test13.jpg in Resources */,
				AE09C32016C24AA100F634CB /* test14.jpg in Resources */,
				AE09C32116C24AA100F634CB /* test2.jpg in Resources */,
				AE09C32216C24AA100F634CB /* test3.jpg in Resources */,
				AE09C32316C24AA100F634CB /* test4.jpg in Resources */,
				AE09C32416C24AA100F634CB /* test6.jpg in Resources */,
				AE09C32516C24AA100F634CB /* test7.jpg in Resources */,
				AE09C32616C24AA100F634CB /* test8.jpg in Resources */,
				AE09C32716C24AA100F634CB /* photo_gradient.png in Resources */,
				AE09C32816C24AA100F634CB /* photo_gradient@2x.png in Resources */,
				AE09C32916C24AA100F634CB /* selection_bg-568h@2x.png in Resources */,
				AE09C32A16C24AA100F634CB /* selection_bg.png in Resources */,
				AE09C32B16C24AA100F634CB /* selection_bg@2x.png in Resources */,
				AE09C32E16C261B100F634CB /* back_button.png in Resources */,
				AE09C32F16C261B100F634CB /* back_button@2x.png in Resources */,
				AE09C33416C284A400F634CB /* TR McLean  Bold.ttf in Resources */,
				AE09C33516C284A400F634CB /* TR McLean.ttf in Resources */,
				415149E216C3F18F003BE22A /* photo_holder_ipad.png in Resources */,
				415149E316C3F18F003BE22A /* photo_holder_ipad@2x.png in Resources */,
				415149E616C3F23B003BE22A /* game_bg_ipad.jpg in Resources */,
				415149E716C3F23B003BE22A /* game_bg_ipad@2x.jpg in Resources */,
				415149EA16C3F257003BE22A /* timer_holder_ipad.png in Resources */,
				415149EB16C3F257003BE22A /* timer_holder_ipad@2x.png in Resources */,
				AE2BE2C416C3D18700A0335D /* photo_grid_normal.png in Resources */,
				AE2BE2C516C3D18700A0335D /* photo_grid_normal@2x.png in Resources */,
				AE2BE2C616C3D18700A0335D /* photo_holder_normal.png in Resources */,
				AE2BE2C716C3D18700A0335D /* photo_holder_normal@2x.png in Resources */,
				AEED52F916C4F89D003F4CCD /* Icon-72.png in Resources */,
				AEED52FA16C4F89D003F4CCD /* Icon-72@2x.png in Resources */,
				AEED52FB16C4F89D003F4CCD /* Icon-Small-50.png in Resources */,
				AEED52FC16C4F89D003F4CCD /* Icon-Small-50@2x.png in Resources */,
				AEED52FD16C4F89D003F4CCD /* Icon-Small.png in Resources */,
				AEED52FE16C4F89D003F4CCD /* Icon-Small@2x.png in Resources */,
				AEED52FF16C4F89D003F4CCD /* Icon.png in Resources */,
				AEED530016C4F89D003F4CCD /* Icon@2x.png in Resources */,
			);
			runOnlyForDeploymentPostprocessing = 0;
		};
/* End PBXResourcesBuildPhase section */

/* Begin PBXSourcesBuildPhase section */
		AED218B816BA934000271930 /* Sources */ = {
			isa = PBXSourcesBuildPhase;
			buildActionMask = 2147483647;
			files = (
				AED218CD16BA934000271930 /* main.m in Sources */,
				AED218D116BA934000271930 /* RMAppDelegate.m in Sources */,
				AED218E916BA9D8500271930 /* RMInGameViewController.m in Sources */,
				AE72DBBB16BBAABA00C12D6C /* RMPhotoSelectionViewController.m in Sources */,
				AE72DBC016BBB13D00C12D6C /* RMCustomImageView.m in Sources */,
				AED932BC16BF9DAD00DD9D30 /* RMStopWatch.m in Sources */,
				AED932C216BFAD3400DD9D30 /* Model.xcdatamodeld in Sources */,
				AED932CF16BFAE1300DD9D30 /* Photo.m in Sources */,
				AED932D216BFAFD000DD9D30 /* Gallery.m in Sources */,
				AED932D516BFB3B800DD9D30 /* RMCroppedImageView.m in Sources */,
				AE7CBED316BFE3DE001BAF3D /* RMBundleInitializer.m in Sources */,
				AE7CBED916BFF833001BAF3D /* RMDatabaseManager.m in Sources */,
				AE7CBEE216C00742001BAF3D /* Score.m in Sources */,
				AE7CBEE416C00AF3001BAF3D /* TypeDefs.m in Sources */,
				AEDFA2C116C0F9D800BB440C /* RMImage.m in Sources */,
				AEDFA2C616C133FA00BB440C /* UIView+Util.m in Sources */,
				AE09C30616C23FBC00F634CB /* RMGallerySelectionViewController.m in Sources */,
				41B94CC616C2E59500B7C70A /* RMGallerySelectionIPadViewController.m in Sources */,
				41B94CC916C2E6A000B7C70A /* RMPhotoSelectionIPadViewController.m in Sources */,
				AE2BE2AD16C3A07200A0335D /* PhotoManagedObject.m in Sources */,
				415149DF16C3EFCF003BE22A /* RMInGameIPadViewController.m in Sources */,
				AE2BE2CA16C3ED4600A0335D /* RMPhotoSelectionImageView.m in Sources */,
				AEFF1B8216C4E6E400922A25 /* GameCenterManager.m in Sources */,
			);
			runOnlyForDeploymentPostprocessing = 0;
		};
/* End PBXSourcesBuildPhase section */

/* Begin PBXVariantGroup section */
		AE7CBEDE16C003E7001BAF3D /* Localizable.strings */ = {
			isa = PBXVariantGroup;
			children = (
				AE7CBEDD16C003E7001BAF3D /* en */,
				AE7CBEDF16C00400001BAF3D /* tr */,
			);
			name = Localizable.strings;
			sourceTree = "<group>";
		};
		AED218C916BA934000271930 /* InfoPlist.strings */ = {
			isa = PBXVariantGroup;
			children = (
				AED218CA16BA934000271930 /* en */,
			);
			name = InfoPlist.strings;
			sourceTree = "<group>";
		};
		AED218D816BA934000271930 /* MainStoryboard_iPhone.storyboard */ = {
			isa = PBXVariantGroup;
			children = (
				AED218D916BA934000271930 /* en */,
			);
			name = MainStoryboard_iPhone.storyboard;
			sourceTree = "<group>";
		};
		AED218DB16BA934000271930 /* MainStoryboard_iPad.storyboard */ = {
			isa = PBXVariantGroup;
			children = (
				AED218DC16BA934000271930 /* en */,
			);
			name = MainStoryboard_iPad.storyboard;
			sourceTree = "<group>";
		};
/* End PBXVariantGroup section */

/* Begin XCBuildConfiguration section */
		AED218E116BA934000271930 /* Debug */ = {
			isa = XCBuildConfiguration;
			buildSettings = {
				ALWAYS_SEARCH_USER_PATHS = NO;
				CLANG_CXX_LANGUAGE_STANDARD = "gnu++0x";
				CLANG_CXX_LIBRARY = "libc++";
				CLANG_ENABLE_OBJC_ARC = YES;
				CLANG_WARN_EMPTY_BODY = YES;
				CLANG_WARN__DUPLICATE_METHOD_MATCH = YES;
				"CODE_SIGN_IDENTITY[sdk=iphoneos*]" = "iPhone Developer";
				COPY_PHASE_STRIP = NO;
				GCC_C_LANGUAGE_STANDARD = gnu99;
				GCC_DYNAMIC_NO_PIC = NO;
				GCC_OPTIMIZATION_LEVEL = 0;
				GCC_PREPROCESSOR_DEFINITIONS = (
					"DEBUG=1",
					"$(inherited)",
				);
				GCC_SYMBOLS_PRIVATE_EXTERN = NO;
				GCC_WARN_ABOUT_RETURN_TYPE = YES;
				GCC_WARN_UNINITIALIZED_AUTOS = YES;
				GCC_WARN_UNUSED_VARIABLE = YES;
				IPHONEOS_DEPLOYMENT_TARGET = 6.0;
				ONLY_ACTIVE_ARCH = YES;
				SDKROOT = iphoneos;
				TARGETED_DEVICE_FAMILY = "1,2";
			};
			name = Debug;
		};
		AED218E216BA934000271930 /* Release */ = {
			isa = XCBuildConfiguration;
			buildSettings = {
				ALWAYS_SEARCH_USER_PATHS = NO;
				CLANG_CXX_LANGUAGE_STANDARD = "gnu++0x";
				CLANG_CXX_LIBRARY = "libc++";
				CLANG_ENABLE_OBJC_ARC = YES;
				CLANG_WARN_EMPTY_BODY = YES;
				CLANG_WARN__DUPLICATE_METHOD_MATCH = YES;
				"CODE_SIGN_IDENTITY[sdk=iphoneos*]" = "iPhone Developer";
				COPY_PHASE_STRIP = YES;
				GCC_C_LANGUAGE_STANDARD = gnu99;
				GCC_WARN_ABOUT_RETURN_TYPE = YES;
				GCC_WARN_UNINITIALIZED_AUTOS = YES;
				GCC_WARN_UNUSED_VARIABLE = YES;
				IPHONEOS_DEPLOYMENT_TARGET = 6.0;
				OTHER_CFLAGS = "-DNS_BLOCK_ASSERTIONS=1";
				SDKROOT = iphoneos;
				TARGETED_DEVICE_FAMILY = "1,2";
				VALIDATE_PRODUCT = YES;
			};
			name = Release;
		};
		AED218E416BA934000271930 /* Debug */ = {
			isa = XCBuildConfiguration;
			buildSettings = {
				CODE_SIGN_IDENTITY = "iPhone Developer";
				"CODE_SIGN_IDENTITY[sdk=iphoneos*]" = "iPhone Developer";
				GCC_PRECOMPILE_PREFIX_HEADER = YES;
				GCC_PREFIX_HEADER = "RotateMe/RotateMe-Prefix.pch";
				INFOPLIST_FILE = "RotateMe/RotateMe-Info.plist";
				IPHONEOS_DEPLOYMENT_TARGET = 5.0;
				PRODUCT_NAME = "$(TARGET_NAME)";
				PROVISIONING_PROFILE = "";
				"PROVISIONING_PROFILE[sdk=iphoneos*]" = "";
				WRAPPER_EXTENSION = app;
			};
			name = Debug;
		};
		AED218E516BA934000271930 /* Release */ = {
			isa = XCBuildConfiguration;
			buildSettings = {
				CODE_SIGN_IDENTITY = "iPhone Developer";
				"CODE_SIGN_IDENTITY[sdk=iphoneos*]" = "iPhone Developer";
				GCC_PRECOMPILE_PREFIX_HEADER = YES;
				GCC_PREFIX_HEADER = "RotateMe/RotateMe-Prefix.pch";
				INFOPLIST_FILE = "RotateMe/RotateMe-Info.plist";
				IPHONEOS_DEPLOYMENT_TARGET = 5.0;
				PRODUCT_NAME = "$(TARGET_NAME)";
				PROVISIONING_PROFILE = "";
				"PROVISIONING_PROFILE[sdk=iphoneos*]" = "";
				WRAPPER_EXTENSION = app;
			};
			name = Release;
		};
/* End XCBuildConfiguration section */

/* Begin XCConfigurationList section */
		AED218B616BA934000271930 /* Build configuration list for PBXProject "RotateMe" */ = {
			isa = XCConfigurationList;
			buildConfigurations = (
				AED218E116BA934000271930 /* Debug */,
				AED218E216BA934000271930 /* Release */,
			);
			defaultConfigurationIsVisible = 0;
			defaultConfigurationName = Release;
		};
		AED218E316BA934000271930 /* Build configuration list for PBXNativeTarget "RotateMe" */ = {
			isa = XCConfigurationList;
			buildConfigurations = (
				AED218E416BA934000271930 /* Debug */,
				AED218E516BA934000271930 /* Release */,
			);
			defaultConfigurationIsVisible = 0;
			defaultConfigurationName = Release;
		};
/* End XCConfigurationList section */

/* Begin XCVersionGroup section */
		AED932C016BFAD3400DD9D30 /* Model.xcdatamodeld */ = {
			isa = XCVersionGroup;
			children = (
				AED932C116BFAD3400DD9D30 /* Model.xcdatamodel */,
			);
			currentVersion = AED932C116BFAD3400DD9D30 /* Model.xcdatamodel */;
			path = Model.xcdatamodeld;
			sourceTree = "<group>";
			versionGroupType = wrapper.xcdatamodel;
		};
/* End XCVersionGroup section */
	};
	rootObject = AED218B316BA934000271930 /* Project object */;
}
